// !$*UTF8*$!
{
	archiveVersion = 1;
	classes = {
	};
	objectVersion = 46;
	objects = {

/* Begin PBXBuildFile section */
		3F02A3C8230C1D8500E7E8BA /* Array.swift in Sources */ = {isa = PBXBuildFile; fileRef = 3F02A3C7230C1D8500E7E8BA /* Array.swift */; };
		3F02D8C92317BDC60095ED44 /* Demonstration.swift in Sources */ = {isa = PBXBuildFile; fileRef = 3F02D8C82317BDC60095ED44 /* Demonstration.swift */; };
		3F073BBE232B83AD00AFC644 /* FeatureList.swift in Sources */ = {isa = PBXBuildFile; fileRef = 3F073BBD232B83AD00AFC644 /* FeatureList.swift */; };
		3F08E92B2326F17800AC16FD /* ItemsAdd.storyboard in Resources */ = {isa = PBXBuildFile; fileRef = 3F08E92A2326F17800AC16FD /* ItemsAdd.storyboard */; };
		3F08E92D2326F1EF00AC16FD /* ItemsEdit.storyboard in Resources */ = {isa = PBXBuildFile; fileRef = 3F08E92C2326F1EF00AC16FD /* ItemsEdit.storyboard */; };
		3F0F5F5E22FAE28B007E1DC5 /* Category.swift in Sources */ = {isa = PBXBuildFile; fileRef = 3F0F5F5D22FAE28B007E1DC5 /* Category.swift */; };
		3F0F5F6022FAE2AE007E1DC5 /* Item.swift in Sources */ = {isa = PBXBuildFile; fileRef = 3F0F5F5F22FAE2AE007E1DC5 /* Item.swift */; };
		3F0F5F6222FAE2B8007E1DC5 /* Annotation.swift in Sources */ = {isa = PBXBuildFile; fileRef = 3F0F5F6122FAE2B8007E1DC5 /* Annotation.swift */; };
		3F0FF39F234343BD000D730B /* AnnotationsTableViewController.swift in Sources */ = {isa = PBXBuildFile; fileRef = 3F0FF39E234343BD000D730B /* AnnotationsTableViewController.swift */; };
		3F13EC9523029BCD006A25C6 /* FeaturesViewController.swift in Sources */ = {isa = PBXBuildFile; fileRef = 3F13EC9423029BCD006A25C6 /* FeaturesViewController.swift */; };
		3F13EC9723029BE1006A25C6 /* FeaturesTableViewController.swift in Sources */ = {isa = PBXBuildFile; fileRef = 3F13EC9623029BE1006A25C6 /* FeaturesTableViewController.swift */; };
		3F13EC992302A586006A25C6 /* DataBaseNameFeatures.swift in Sources */ = {isa = PBXBuildFile; fileRef = 3F13EC982302A586006A25C6 /* DataBaseNameFeatures.swift */; };
		3F13EC9B2302A597006A25C6 /* DataBaseFeatures.swift in Sources */ = {isa = PBXBuildFile; fileRef = 3F13EC9A2302A597006A25C6 /* DataBaseFeatures.swift */; };
		3F13EC9D2302A710006A25C6 /* NameFeature.swift in Sources */ = {isa = PBXBuildFile; fileRef = 3F13EC9C2302A710006A25C6 /* NameFeature.swift */; };
		3F13EC9F2302A71B006A25C6 /* Feature.swift in Sources */ = {isa = PBXBuildFile; fileRef = 3F13EC9E2302A71B006A25C6 /* Feature.swift */; };
		3F13ECA42302BF49006A25C6 /* FeaturesSettingsViewController.swift in Sources */ = {isa = PBXBuildFile; fileRef = 3F13ECA32302BF49006A25C6 /* FeaturesSettingsViewController.swift */; };
		3F13ECAC2302BFC4006A25C6 /* FeaturesAddViewController.swift in Sources */ = {isa = PBXBuildFile; fileRef = 3F13ECAB2302BFC4006A25C6 /* FeaturesAddViewController.swift */; };
		3F13ECAE2302BFD4006A25C6 /* FeaturesEditViewController.swift in Sources */ = {isa = PBXBuildFile; fileRef = 3F13ECAD2302BFD4006A25C6 /* FeaturesEditViewController.swift */; };
		3F15720223471FFF004DFFC2 /* NavBar.swift in Sources */ = {isa = PBXBuildFile; fileRef = 3F15720123471FFF004DFFC2 /* NavBar.swift */; };
		3F166908233366F2004D9B56 /* Research.swift in Sources */ = {isa = PBXBuildFile; fileRef = 3F166907233366F2004D9B56 /* Research.swift */; };
		3F1F4ABD232A962800483ACF /* FeaturesAdd.storyboard in Resources */ = {isa = PBXBuildFile; fileRef = 3F1F4ABC232A962800483ACF /* FeaturesAdd.storyboard */; };
		3F1F4ABF232A964200483ACF /* FeaturesEdit.storyboard in Resources */ = {isa = PBXBuildFile; fileRef = 3F1F4ABE232A964200483ACF /* FeaturesEdit.storyboard */; };
		3F223A971E6DF42900D95F48 /* AdSupport.framework in Frameworks */ = {isa = PBXBuildFile; fileRef = 3F223A961E6DF42900D95F48 /* AdSupport.framework */; };
		3F22A4812306F240008AB0BD /* UIButton.swift in Sources */ = {isa = PBXBuildFile; fileRef = 3F22A4802306F240008AB0BD /* UIButton.swift */; };
		3F22A4832306F9A8008AB0BD /* UIViewController.swift in Sources */ = {isa = PBXBuildFile; fileRef = 3F22A4822306F9A8008AB0BD /* UIViewController.swift */; };
		3F25674E2346212F0094B0E6 /* Position.swift in Sources */ = {isa = PBXBuildFile; fileRef = 3F25674D2346212F0094B0E6 /* Position.swift */; };
		3F2754511E8322CC00633E29 /* Location.swift in Sources */ = {isa = PBXBuildFile; fileRef = 3F2754501E8322CC00633E29 /* Location.swift */; };
		3F28A72D230A8F1B00E89741 /* ItemNameFeaturesCell.swift in Sources */ = {isa = PBXBuildFile; fileRef = 3F28A72C230A8F1B00E89741 /* ItemNameFeaturesCell.swift */; };
		3F28A72F230A8F3700E89741 /* ItemFeaturesCell.swift in Sources */ = {isa = PBXBuildFile; fileRef = 3F28A72E230A8F3700E89741 /* ItemFeaturesCell.swift */; };
		3F28A731230A8F6200E89741 /* ItemFiltersCell.swift in Sources */ = {isa = PBXBuildFile; fileRef = 3F28A730230A8F6200E89741 /* ItemFiltersCell.swift */; };
		3F29046B22B9704E00CF8BCB /* ItemsTableViewController.swift in Sources */ = {isa = PBXBuildFile; fileRef = 3F29046A22B9704E00CF8BCB /* ItemsTableViewController.swift */; };
		3F29046D22B9706000CF8BCB /* ItemsViewController.swift in Sources */ = {isa = PBXBuildFile; fileRef = 3F29046C22B9706000CF8BCB /* ItemsViewController.swift */; };
		3F2966182327F54C009BDF86 /* Sort.swift in Sources */ = {isa = PBXBuildFile; fileRef = 3F2966172327F54C009BDF86 /* Sort.swift */; };
		3F2A83742303508A005891DB /* FeaturesTableViewCell.swift in Sources */ = {isa = PBXBuildFile; fileRef = 3F2A83732303508A005891DB /* FeaturesTableViewCell.swift */; };
		3F2AD084234FBF2B00790FF0 /* Map.storyboard in Resources */ = {isa = PBXBuildFile; fileRef = 3F2AD086234FBF2B00790FF0 /* Map.storyboard */; };
		3F2AD50523083140006E9077 /* ItemFeature.swift in Sources */ = {isa = PBXBuildFile; fileRef = 3F2AD50423083140006E9077 /* ItemFeature.swift */; };
		3F2AD507230838F2006E9077 /* DataBaseItemFeature.swift in Sources */ = {isa = PBXBuildFile; fileRef = 3F2AD506230838F2006E9077 /* DataBaseItemFeature.swift */; };
		3F2DA23523072F7800A0798B /* FilesManager.swift in Sources */ = {isa = PBXBuildFile; fileRef = 3F2DA23423072F7800A0798B /* FilesManager.swift */; };
		3F2E0F091E3888FA00B63C71 /* AppDelegate.swift in Sources */ = {isa = PBXBuildFile; fileRef = 3F2E0F081E3888FA00B63C71 /* AppDelegate.swift */; };
		3F2E0F0E1E3888FA00B63C71 /* Main.storyboard in Resources */ = {isa = PBXBuildFile; fileRef = 3F2E0F0C1E3888FA00B63C71 /* Main.storyboard */; };
		3F2E0F101E3888FA00B63C71 /* Assets.xcassets in Resources */ = {isa = PBXBuildFile; fileRef = 3F2E0F0F1E3888FA00B63C71 /* Assets.xcassets */; };
		3F2E0F131E3888FA00B63C71 /* LaunchScreen.storyboard in Resources */ = {isa = PBXBuildFile; fileRef = 3F2E0F111E3888FA00B63C71 /* LaunchScreen.storyboard */; };
		3F2E0F1E1E3888FA00B63C71 /* StorageTests.swift in Sources */ = {isa = PBXBuildFile; fileRef = 3F2E0F1D1E3888FA00B63C71 /* StorageTests.swift */; };
		3F2E0F291E3888FA00B63C71 /* StorageUITests.swift in Sources */ = {isa = PBXBuildFile; fileRef = 3F2E0F281E3888FA00B63C71 /* StorageUITests.swift */; };
		3F2E0F621E38B1D000B63C71 /* MapViewController.swift in Sources */ = {isa = PBXBuildFile; fileRef = 3F2E0F611E38B1D000B63C71 /* MapViewController.swift */; };
		3F2FD75723263D9E006E36A6 /* CategoryList.swift in Sources */ = {isa = PBXBuildFile; fileRef = 3F2FD75623263D9E006E36A6 /* CategoryList.swift */; };
		3F3060692326D5750035F68B /* ItemList.swift in Sources */ = {isa = PBXBuildFile; fileRef = 3F3060682326D5750035F68B /* ItemList.swift */; };
		3F38FD0A22FA095200196CCC /* DataBaseTables.swift in Sources */ = {isa = PBXBuildFile; fileRef = 3F38FD0922FA095200196CCC /* DataBaseTables.swift */; };
		3F41CBBA1E79DC540018763E /* DataBaseAnnotation.swift in Sources */ = {isa = PBXBuildFile; fileRef = 3F41CBB91E79DC540018763E /* DataBaseAnnotation.swift */; };
		3F4C017F2332BE1200F49A72 /* UIImageView.swift in Sources */ = {isa = PBXBuildFile; fileRef = 3F4C017E2332BE1200F49A72 /* UIImageView.swift */; };
		3F4C01812332C90700F49A72 /* CreateDataBase.swift in Sources */ = {isa = PBXBuildFile; fileRef = 3F4C01802332C90700F49A72 /* CreateDataBase.swift */; };
		3F6216FC1E4B53D000D1584C /* UserDefaults.swift in Sources */ = {isa = PBXBuildFile; fileRef = 3F6216FB1E4B53D000D1584C /* UserDefaults.swift */; };
		3F767E2722785B4900CC32F2 /* TabBarViewController.swift in Sources */ = {isa = PBXBuildFile; fileRef = 3F767E2622785B4900CC32F2 /* TabBarViewController.swift */; };
		3F767E2D2278642300CC32F2 /* CategoriesTableViewController.swift in Sources */ = {isa = PBXBuildFile; fileRef = 3F767E2C2278642300CC32F2 /* CategoriesTableViewController.swift */; };
		3F7F9AC322F9CFD800A5AE4C /* DataBaseCategory.swift in Sources */ = {isa = PBXBuildFile; fileRef = 3F7F9AC222F9CFD800A5AE4C /* DataBaseCategory.swift */; };
		3F7F9AC522F9D00800A5AE4C /* DataBaseItem.swift in Sources */ = {isa = PBXBuildFile; fileRef = 3F7F9AC422F9D00800A5AE4C /* DataBaseItem.swift */; };
		3F8A60F023428A0E0052C559 /* Annotations.storyboard in Resources */ = {isa = PBXBuildFile; fileRef = 3F8A60EF23428A0E0052C559 /* Annotations.storyboard */; };
		3F92B9BE235859BE0003C207 /* FastlaneSnapshot.swift in Sources */ = {isa = PBXBuildFile; fileRef = 3F92B9BD235859BE0003C207 /* FastlaneSnapshot.swift */; };
		3F92B9C623585A1B0003C207 /* SnapshotHelper.swift in Sources */ = {isa = PBXBuildFile; fileRef = 3F92B9C523585A1B0003C207 /* SnapshotHelper.swift */; };
		3F9336BF1E432C33008A2AAA /* DataBase.swift in Sources */ = {isa = PBXBuildFile; fileRef = 3F9336BE1E432C33008A2AAA /* DataBase.swift */; };
		3F9C81392279867B00FF10F8 /* CategoriesViewController.swift in Sources */ = {isa = PBXBuildFile; fileRef = 3F9C81382279867B00FF10F8 /* CategoriesViewController.swift */; };
		3F9C813C2279997B00FF10F8 /* UITableViewCell.swift in Sources */ = {isa = PBXBuildFile; fileRef = 3F9C813B2279997B00FF10F8 /* UITableViewCell.swift */; };
		3FA01BB9227CC8A80080BA2C /* CategoriesNavigationController.swift in Sources */ = {isa = PBXBuildFile; fileRef = 3FA01BB8227CC8A80080BA2C /* CategoriesNavigationController.swift */; };
		3FA98CDD235075B1007C7CCA /* Appearance.swift in Sources */ = {isa = PBXBuildFile; fileRef = 3FA98CDC235075B1007C7CCA /* Appearance.swift */; };
		3FA98CDF23507AB3007C7CCA /* UISegmentedControl.swift in Sources */ = {isa = PBXBuildFile; fileRef = 3FA98CDE23507AB3007C7CCA /* UISegmentedControl.swift */; };
		3FAD106E230A933700A0216D /* UIColor.swift in Sources */ = {isa = PBXBuildFile; fileRef = 3FAD106D230A933700A0216D /* UIColor.swift */; };
		3FC56FD0234F52C20038D3B4 /* CategoriesSettings.storyboard in Resources */ = {isa = PBXBuildFile; fileRef = 3FC56FD2234F52C20038D3B4 /* CategoriesSettings.storyboard */; };
		3FC56FDC234F53110038D3B4 /* CategoriesAdd.storyboard in Resources */ = {isa = PBXBuildFile; fileRef = 3FC56FDB234F53110038D3B4 /* CategoriesAdd.storyboard */; };
		3FC56FDD234F54130038D3B4 /* CategoriesSort.storyboard in Resources */ = {isa = PBXBuildFile; fileRef = 3FC56FDF234F54130038D3B4 /* CategoriesSort.storyboard */; };
		3FC56FE2234F541F0038D3B4 /* Items.storyboard in Resources */ = {isa = PBXBuildFile; fileRef = 3FC56FE4234F541F0038D3B4 /* Items.storyboard */; };
		3FC56FE7234F54300038D3B4 /* ItemsSettings.storyboard in Resources */ = {isa = PBXBuildFile; fileRef = 3FC56FE9234F54300038D3B4 /* ItemsSettings.storyboard */; };
		3FC56FEC234F544A0038D3B4 /* ItemsSort.storyboard in Resources */ = {isa = PBXBuildFile; fileRef = 3FC56FEE234F544A0038D3B4 /* ItemsSort.storyboard */; };
		3FC56FF1234F54530038D3B4 /* ItemsFilter.storyboard in Resources */ = {isa = PBXBuildFile; fileRef = 3FC56FF3234F54530038D3B4 /* ItemsFilter.storyboard */; };
		3FC56FF6234F545E0038D3B4 /* Features.storyboard in Resources */ = {isa = PBXBuildFile; fileRef = 3FC56FF8234F545E0038D3B4 /* Features.storyboard */; };
		3FC56FFB234F546B0038D3B4 /* FeaturesSettings.storyboard in Resources */ = {isa = PBXBuildFile; fileRef = 3FC56FFD234F546B0038D3B4 /* FeaturesSettings.storyboard */; };
		3FC57000234F59340038D3B4 /* AllFeatures.storyboard in Resources */ = {isa = PBXBuildFile; fileRef = 3FC57002234F59340038D3B4 /* AllFeatures.storyboard */; };
		3FC57005234F59640038D3B4 /* AnnotationsSettings.storyboard in Resources */ = {isa = PBXBuildFile; fileRef = 3FC57007234F59640038D3B4 /* AnnotationsSettings.storyboard */; };
		3FC5700A234F59730038D3B4 /* AnnotationsSort.storyboard in Resources */ = {isa = PBXBuildFile; fileRef = 3FC5700C234F59730038D3B4 /* AnnotationsSort.storyboard */; };
		3FC5700F234F59860038D3B4 /* AnnotationDetails.storyboard in Resources */ = {isa = PBXBuildFile; fileRef = 3FC57011234F59860038D3B4 /* AnnotationDetails.storyboard */; };
		3FC999FC234DCE13007DADB2 /* AnnotationsViewController.swift in Sources */ = {isa = PBXBuildFile; fileRef = 3FC999FB234DCE13007DADB2 /* AnnotationsViewController.swift */; };
		3FC99A01234E2149007DADB2 /* AnnotationModaleWindow.storyboard in Resources */ = {isa = PBXBuildFile; fileRef = 3FC99A00234E2149007DADB2 /* AnnotationModaleWindow.storyboard */; };
		3FC99A03234E216D007DADB2 /* AnnotationModaleWindowViewController.swift in Sources */ = {isa = PBXBuildFile; fileRef = 3FC99A02234E216D007DADB2 /* AnnotationModaleWindowViewController.swift */; };
		3FCAD63422A3D3AA002F20CD /* CategoryCell.swift in Sources */ = {isa = PBXBuildFile; fileRef = 3FCAD63322A3D3AA002F20CD /* CategoryCell.swift */; };
		3FCAD63722A3DCE3002F20CD /* CategoriesEditViewController.swift in Sources */ = {isa = PBXBuildFile; fileRef = 3FCAD63622A3DCE3002F20CD /* CategoriesEditViewController.swift */; };
		3FCAD63922A3DCF2002F20CD /* CategoriesSearchViewController.swift in Sources */ = {isa = PBXBuildFile; fileRef = 3FCAD63822A3DCF2002F20CD /* CategoriesSearchViewController.swift */; };
		3FCAD63B22A3DD02002F20CD /* CategoriesSortViewController.swift in Sources */ = {isa = PBXBuildFile; fileRef = 3FCAD63A22A3DD02002F20CD /* CategoriesSortViewController.swift */; };
		3FCAD63D22A3DD12002F20CD /* ItemsFilterViewController.swift in Sources */ = {isa = PBXBuildFile; fileRef = 3FCAD63C22A3DD12002F20CD /* ItemsFilterViewController.swift */; };
		3FCAD63F22A3DD5C002F20CD /* CategoriesSettingsViewController.swift in Sources */ = {isa = PBXBuildFile; fileRef = 3FCAD63E22A3DD5C002F20CD /* CategoriesSettingsViewController.swift */; };
		3FCFB9FC1E3931FC00CA7220 /* MapKit.framework in Frameworks */ = {isa = PBXBuildFile; fileRef = 3FCFB9FB1E3931FC00CA7220 /* MapKit.framework */; };
		3FD638CF22BE1B4B007FA00F /* ItemsSettingsViewController.swift in Sources */ = {isa = PBXBuildFile; fileRef = 3FD638CE22BE1B4B007FA00F /* ItemsSettingsViewController.swift */; };
		3FD638D322BE1B8E007FA00F /* ItemsAddViewController.swift in Sources */ = {isa = PBXBuildFile; fileRef = 3FD638D222BE1B8D007FA00F /* ItemsAddViewController.swift */; };
		3FD638D722BE1C55007FA00F /* ItemsEditViewController.swift in Sources */ = {isa = PBXBuildFile; fileRef = 3FD638D622BE1C55007FA00F /* ItemsEditViewController.swift */; };
		3FD638DB22BE1C90007FA00F /* ItemsSortViewController.swift in Sources */ = {isa = PBXBuildFile; fileRef = 3FD638DA22BE1C90007FA00F /* ItemsSortViewController.swift */; };
		3FD638E122BE5C07007FA00F /* ItemCell.swift in Sources */ = {isa = PBXBuildFile; fileRef = 3FD638E022BE5C07007FA00F /* ItemCell.swift */; };
		3FDAA273230597550025EDFC /* AllFeaturesViewController.swift in Sources */ = {isa = PBXBuildFile; fileRef = 3FDAA272230597550025EDFC /* AllFeaturesViewController.swift */; };
		3FDAA275230597630025EDFC /* AllFeaturesTableViewController.swift in Sources */ = {isa = PBXBuildFile; fileRef = 3FDAA274230597630025EDFC /* AllFeaturesTableViewController.swift */; };
		3FDAA277230597720025EDFC /* AllFeaturesTableViewCell.swift in Sources */ = {isa = PBXBuildFile; fileRef = 3FDAA276230597720025EDFC /* AllFeaturesTableViewCell.swift */; };
		3FE00D4722A90FBE00B5B008 /* Categories.storyboard in Resources */ = {isa = PBXBuildFile; fileRef = 3FE00D4922A90FBE00B5B008 /* Categories.storyboard */; };
		3FE1E05E232F6A99002E46A6 /* AllFeatureList.swift in Sources */ = {isa = PBXBuildFile; fileRef = 3FE1E05D232F6A99002E46A6 /* AllFeatureList.swift */; };
		3FEC2B61230423C6008C26F6 /* NameFeaturesTableViewCell.swift in Sources */ = {isa = PBXBuildFile; fileRef = 3FEC2B60230423C6008C26F6 /* NameFeaturesTableViewCell.swift */; };
		3FEC2B6323043C98008C26F6 /* String.swift in Sources */ = {isa = PBXBuildFile; fileRef = 3FEC2B6223043C98008C26F6 /* String.swift */; };
		3FF399BF234A12A600045F92 /* LastLocation.swift in Sources */ = {isa = PBXBuildFile; fileRef = 3FF399BE234A12A600045F92 /* LastLocation.swift */; };
		3FF4E6B723423C9B00F32578 /* AnnotationsTableViewCell.swift in Sources */ = {isa = PBXBuildFile; fileRef = 3FF4E6B623423C9B00F32578 /* AnnotationsTableViewCell.swift */; };
		3FF4E6BD23423D3400F32578 /* AnnotationsEdit.storyboard in Resources */ = {isa = PBXBuildFile; fileRef = 3FF4E6BC23423D3400F32578 /* AnnotationsEdit.storyboard */; };
		3FF4E6BF23423D3E00F32578 /* AnnotationsEditViewController.swift in Sources */ = {isa = PBXBuildFile; fileRef = 3FF4E6BE23423D3E00F32578 /* AnnotationsEditViewController.swift */; };
		3FF4E6C323423D6200F32578 /* AnnotationsSortViewController.swift in Sources */ = {isa = PBXBuildFile; fileRef = 3FF4E6C223423D6200F32578 /* AnnotationsSortViewController.swift */; };
		3FF4E6C523423D7300F32578 /* AnnotationsSearch.storyboard in Resources */ = {isa = PBXBuildFile; fileRef = 3FF4E6C423423D7300F32578 /* AnnotationsSearch.storyboard */; };
		3FF4E6C723423D8900F32578 /* AnnotationsSearchViewController.swift in Sources */ = {isa = PBXBuildFile; fileRef = 3FF4E6C623423D8900F32578 /* AnnotationsSearchViewController.swift */; };
		3FF4E6CB23423FFC00F32578 /* AnnotationsSettingsViewController.swift in Sources */ = {isa = PBXBuildFile; fileRef = 3FF4E6CA23423FFC00F32578 /* AnnotationsSettingsViewController.swift */; };
		3FF4E6CD2342480500F32578 /* AnnotationList.swift in Sources */ = {isa = PBXBuildFile; fileRef = 3FF4E6CC2342480500F32578 /* AnnotationList.swift */; };
		3FF4E6CF23425D3E00F32578 /* AnnotationDetailsTableViewController.swift in Sources */ = {isa = PBXBuildFile; fileRef = 3FF4E6CE23425D3E00F32578 /* AnnotationDetailsTableViewController.swift */; };
		3FF6E0E61F1CC15A001F5D02 /* Localizable.strings in Resources */ = {isa = PBXBuildFile; fileRef = 3FF6E0E81F1CC15A001F5D02 /* Localizable.strings */; };
		3FF7FC7B23200408006A9311 /* CategoriesEdit.storyboard in Resources */ = {isa = PBXBuildFile; fileRef = 3FF7FC7A23200408006A9311 /* CategoriesEdit.storyboard */; };
		3FF7FC7F2320042B006A9311 /* CategoriesSearch.storyboard in Resources */ = {isa = PBXBuildFile; fileRef = 3FF7FC7E2320042B006A9311 /* CategoriesSearch.storyboard */; };
		3FFCEBAA22A9BCD800622092 /* MapNavigationController.swift in Sources */ = {isa = PBXBuildFile; fileRef = 3FFCEBA922A9BCD800622092 /* MapNavigationController.swift */; };
		3FFE1379233F941A00416AAC /* UIView.swift in Sources */ = {isa = PBXBuildFile; fileRef = 3FFE1378233F941A00416AAC /* UIView.swift */; };
		3FFFC9F922A6938800E7AD4A /* CategoriesAddViewController.swift in Sources */ = {isa = PBXBuildFile; fileRef = 3FFFC9F822A6938800E7AD4A /* CategoriesAddViewController.swift */; };
		5546655EB12F7635A3407D4D /* Pods_Storage.framework in Frameworks */ = {isa = PBXBuildFile; fileRef = 6AD9A82909783FAF573F8AFD /* Pods_Storage.framework */; };
/* End PBXBuildFile section */

/* Begin PBXContainerItemProxy section */
		3F2E0F1A1E3888FA00B63C71 /* PBXContainerItemProxy */ = {
			isa = PBXContainerItemProxy;
			containerPortal = 3F2E0EFD1E3888FA00B63C71 /* Project object */;
			proxyType = 1;
			remoteGlobalIDString = 3F2E0F041E3888FA00B63C71;
			remoteInfo = Storage;
		};
		3F2E0F251E3888FA00B63C71 /* PBXContainerItemProxy */ = {
			isa = PBXContainerItemProxy;
			containerPortal = 3F2E0EFD1E3888FA00B63C71 /* Project object */;
			proxyType = 1;
			remoteGlobalIDString = 3F2E0F041E3888FA00B63C71;
			remoteInfo = Storage;
		};
		3F92B9C0235859BE0003C207 /* PBXContainerItemProxy */ = {
			isa = PBXContainerItemProxy;
			containerPortal = 3F2E0EFD1E3888FA00B63C71 /* Project object */;
			proxyType = 1;
			remoteGlobalIDString = 3F2E0F041E3888FA00B63C71;
			remoteInfo = Storage;
		};
/* End PBXContainerItemProxy section */

/* Begin PBXFileReference section */
		3BEEBD84C27246A3D42718E2 /* Pods-Storage.debug.xcconfig */ = {isa = PBXFileReference; includeInIndex = 1; lastKnownFileType = text.xcconfig; name = "Pods-Storage.debug.xcconfig"; path = "Target Support Files/Pods-Storage/Pods-Storage.debug.xcconfig"; sourceTree = "<group>"; };
		3F02A3C7230C1D8500E7E8BA /* Array.swift */ = {isa = PBXFileReference; lastKnownFileType = sourcecode.swift; path = Array.swift; sourceTree = "<group>"; };
		3F02D8C82317BDC60095ED44 /* Demonstration.swift */ = {isa = PBXFileReference; lastKnownFileType = sourcecode.swift; path = Demonstration.swift; sourceTree = "<group>"; };
		3F073BBD232B83AD00AFC644 /* FeatureList.swift */ = {isa = PBXFileReference; lastKnownFileType = sourcecode.swift; path = FeatureList.swift; sourceTree = "<group>"; };
		3F08E92A2326F17800AC16FD /* ItemsAdd.storyboard */ = {isa = PBXFileReference; lastKnownFileType = file.storyboard; path = ItemsAdd.storyboard; sourceTree = "<group>"; };
		3F08E92C2326F1EF00AC16FD /* ItemsEdit.storyboard */ = {isa = PBXFileReference; lastKnownFileType = file.storyboard; path = ItemsEdit.storyboard; sourceTree = "<group>"; };
		3F0F5F5D22FAE28B007E1DC5 /* Category.swift */ = {isa = PBXFileReference; lastKnownFileType = sourcecode.swift; path = Category.swift; sourceTree = "<group>"; };
		3F0F5F5F22FAE2AE007E1DC5 /* Item.swift */ = {isa = PBXFileReference; lastKnownFileType = sourcecode.swift; path = Item.swift; sourceTree = "<group>"; };
		3F0F5F6122FAE2B8007E1DC5 /* Annotation.swift */ = {isa = PBXFileReference; lastKnownFileType = sourcecode.swift; path = Annotation.swift; sourceTree = "<group>"; };
		3F0FF39E234343BD000D730B /* AnnotationsTableViewController.swift */ = {isa = PBXFileReference; lastKnownFileType = sourcecode.swift; path = AnnotationsTableViewController.swift; sourceTree = "<group>"; };
		3F13EC9423029BCD006A25C6 /* FeaturesViewController.swift */ = {isa = PBXFileReference; lastKnownFileType = sourcecode.swift; path = FeaturesViewController.swift; sourceTree = "<group>"; };
		3F13EC9623029BE1006A25C6 /* FeaturesTableViewController.swift */ = {isa = PBXFileReference; lastKnownFileType = sourcecode.swift; path = FeaturesTableViewController.swift; sourceTree = "<group>"; };
		3F13EC982302A586006A25C6 /* DataBaseNameFeatures.swift */ = {isa = PBXFileReference; lastKnownFileType = sourcecode.swift; path = DataBaseNameFeatures.swift; sourceTree = "<group>"; };
		3F13EC9A2302A597006A25C6 /* DataBaseFeatures.swift */ = {isa = PBXFileReference; lastKnownFileType = sourcecode.swift; path = DataBaseFeatures.swift; sourceTree = "<group>"; };
		3F13EC9C2302A710006A25C6 /* NameFeature.swift */ = {isa = PBXFileReference; lastKnownFileType = sourcecode.swift; path = NameFeature.swift; sourceTree = "<group>"; };
		3F13EC9E2302A71B006A25C6 /* Feature.swift */ = {isa = PBXFileReference; lastKnownFileType = sourcecode.swift; path = Feature.swift; sourceTree = "<group>"; };
		3F13ECA32302BF49006A25C6 /* FeaturesSettingsViewController.swift */ = {isa = PBXFileReference; lastKnownFileType = sourcecode.swift; path = FeaturesSettingsViewController.swift; sourceTree = "<group>"; };
		3F13ECAB2302BFC4006A25C6 /* FeaturesAddViewController.swift */ = {isa = PBXFileReference; lastKnownFileType = sourcecode.swift; path = FeaturesAddViewController.swift; sourceTree = "<group>"; };
		3F13ECAD2302BFD4006A25C6 /* FeaturesEditViewController.swift */ = {isa = PBXFileReference; lastKnownFileType = sourcecode.swift; path = FeaturesEditViewController.swift; sourceTree = "<group>"; };
		3F15720123471FFF004DFFC2 /* NavBar.swift */ = {isa = PBXFileReference; lastKnownFileType = sourcecode.swift; path = NavBar.swift; sourceTree = "<group>"; };
		3F166907233366F2004D9B56 /* Research.swift */ = {isa = PBXFileReference; lastKnownFileType = sourcecode.swift; path = Research.swift; sourceTree = "<group>"; };
		3F1F4ABC232A962800483ACF /* FeaturesAdd.storyboard */ = {isa = PBXFileReference; lastKnownFileType = file.storyboard; path = FeaturesAdd.storyboard; sourceTree = "<group>"; };
		3F1F4ABE232A964200483ACF /* FeaturesEdit.storyboard */ = {isa = PBXFileReference; lastKnownFileType = file.storyboard; path = FeaturesEdit.storyboard; sourceTree = "<group>"; };
		3F223A961E6DF42900D95F48 /* AdSupport.framework */ = {isa = PBXFileReference; lastKnownFileType = wrapper.framework; name = AdSupport.framework; path = System/Library/Frameworks/AdSupport.framework; sourceTree = SDKROOT; };
		3F22A4802306F240008AB0BD /* UIButton.swift */ = {isa = PBXFileReference; lastKnownFileType = sourcecode.swift; path = UIButton.swift; sourceTree = "<group>"; };
		3F22A4822306F9A8008AB0BD /* UIViewController.swift */ = {isa = PBXFileReference; lastKnownFileType = sourcecode.swift; path = UIViewController.swift; sourceTree = "<group>"; };
		3F25674D2346212F0094B0E6 /* Position.swift */ = {isa = PBXFileReference; lastKnownFileType = sourcecode.swift; path = Position.swift; sourceTree = "<group>"; };
		3F2754501E8322CC00633E29 /* Location.swift */ = {isa = PBXFileReference; fileEncoding = 4; lastKnownFileType = sourcecode.swift; path = Location.swift; sourceTree = "<group>"; };
		3F28A72C230A8F1B00E89741 /* ItemNameFeaturesCell.swift */ = {isa = PBXFileReference; lastKnownFileType = sourcecode.swift; path = ItemNameFeaturesCell.swift; sourceTree = "<group>"; };
		3F28A72E230A8F3700E89741 /* ItemFeaturesCell.swift */ = {isa = PBXFileReference; lastKnownFileType = sourcecode.swift; path = ItemFeaturesCell.swift; sourceTree = "<group>"; };
		3F28A730230A8F6200E89741 /* ItemFiltersCell.swift */ = {isa = PBXFileReference; lastKnownFileType = sourcecode.swift; path = ItemFiltersCell.swift; sourceTree = "<group>"; };
		3F29046A22B9704E00CF8BCB /* ItemsTableViewController.swift */ = {isa = PBXFileReference; lastKnownFileType = sourcecode.swift; path = ItemsTableViewController.swift; sourceTree = "<group>"; };
		3F29046C22B9706000CF8BCB /* ItemsViewController.swift */ = {isa = PBXFileReference; lastKnownFileType = sourcecode.swift; path = ItemsViewController.swift; sourceTree = "<group>"; };
		3F2966172327F54C009BDF86 /* Sort.swift */ = {isa = PBXFileReference; lastKnownFileType = sourcecode.swift; path = Sort.swift; sourceTree = "<group>"; };
		3F2A83732303508A005891DB /* FeaturesTableViewCell.swift */ = {isa = PBXFileReference; lastKnownFileType = sourcecode.swift; path = FeaturesTableViewCell.swift; sourceTree = "<group>"; };
		3F2AD085234FBF2B00790FF0 /* Base */ = {isa = PBXFileReference; lastKnownFileType = file.storyboard; name = Base; path = Base.lproj/Map.storyboard; sourceTree = "<group>"; };
		3F2AD088234FBF2F00790FF0 /* fr */ = {isa = PBXFileReference; lastKnownFileType = text.plist.strings; name = fr; path = fr.lproj/Map.strings; sourceTree = "<group>"; };
		3F2AD50423083140006E9077 /* ItemFeature.swift */ = {isa = PBXFileReference; lastKnownFileType = sourcecode.swift; path = ItemFeature.swift; sourceTree = "<group>"; };
		3F2AD506230838F2006E9077 /* DataBaseItemFeature.swift */ = {isa = PBXFileReference; lastKnownFileType = sourcecode.swift; path = DataBaseItemFeature.swift; sourceTree = "<group>"; };
		3F2DA23423072F7800A0798B /* FilesManager.swift */ = {isa = PBXFileReference; fileEncoding = 4; lastKnownFileType = sourcecode.swift; path = FilesManager.swift; sourceTree = "<group>"; };
		3F2E0F051E3888FA00B63C71 /* Storage.app */ = {isa = PBXFileReference; explicitFileType = wrapper.application; includeInIndex = 0; path = Storage.app; sourceTree = BUILT_PRODUCTS_DIR; };
		3F2E0F081E3888FA00B63C71 /* AppDelegate.swift */ = {isa = PBXFileReference; lastKnownFileType = sourcecode.swift; path = AppDelegate.swift; sourceTree = "<group>"; };
		3F2E0F0D1E3888FA00B63C71 /* Base */ = {isa = PBXFileReference; lastKnownFileType = file.storyboard; name = Base; path = Base.lproj/Main.storyboard; sourceTree = "<group>"; };
		3F2E0F0F1E3888FA00B63C71 /* Assets.xcassets */ = {isa = PBXFileReference; lastKnownFileType = folder.assetcatalog; path = Assets.xcassets; sourceTree = "<group>"; };
		3F2E0F121E3888FA00B63C71 /* Base */ = {isa = PBXFileReference; lastKnownFileType = file.storyboard; name = Base; path = Base.lproj/LaunchScreen.storyboard; sourceTree = "<group>"; };
		3F2E0F141E3888FA00B63C71 /* Info.plist */ = {isa = PBXFileReference; lastKnownFileType = text.plist.xml; path = Info.plist; sourceTree = "<group>"; };
		3F2E0F191E3888FA00B63C71 /* StorageTests.xctest */ = {isa = PBXFileReference; explicitFileType = wrapper.cfbundle; includeInIndex = 0; path = StorageTests.xctest; sourceTree = BUILT_PRODUCTS_DIR; };
		3F2E0F1D1E3888FA00B63C71 /* StorageTests.swift */ = {isa = PBXFileReference; lastKnownFileType = sourcecode.swift; path = StorageTests.swift; sourceTree = "<group>"; };
		3F2E0F1F1E3888FA00B63C71 /* Info.plist */ = {isa = PBXFileReference; lastKnownFileType = text.plist.xml; path = Info.plist; sourceTree = "<group>"; };
		3F2E0F241E3888FA00B63C71 /* StorageUITests.xctest */ = {isa = PBXFileReference; explicitFileType = wrapper.cfbundle; includeInIndex = 0; path = StorageUITests.xctest; sourceTree = BUILT_PRODUCTS_DIR; };
		3F2E0F281E3888FA00B63C71 /* StorageUITests.swift */ = {isa = PBXFileReference; lastKnownFileType = sourcecode.swift; path = StorageUITests.swift; sourceTree = "<group>"; };
		3F2E0F2A1E3888FA00B63C71 /* Info.plist */ = {isa = PBXFileReference; lastKnownFileType = text.plist.xml; path = Info.plist; sourceTree = "<group>"; };
		3F2E0F611E38B1D000B63C71 /* MapViewController.swift */ = {isa = PBXFileReference; fileEncoding = 4; lastKnownFileType = sourcecode.swift; path = MapViewController.swift; sourceTree = "<group>"; };
		3F2FD75623263D9E006E36A6 /* CategoryList.swift */ = {isa = PBXFileReference; lastKnownFileType = sourcecode.swift; path = CategoryList.swift; sourceTree = "<group>"; };
		3F3060682326D5750035F68B /* ItemList.swift */ = {isa = PBXFileReference; lastKnownFileType = sourcecode.swift; path = ItemList.swift; sourceTree = "<group>"; };
		3F34C8FA1E69FC9C0056BBC7 /* Storage.entitlements */ = {isa = PBXFileReference; lastKnownFileType = text.plist.entitlements; path = Storage.entitlements; sourceTree = "<group>"; };
		3F37EF0C1F21524D0070FA72 /* CoreData.framework */ = {isa = PBXFileReference; lastKnownFileType = wrapper.framework; name = CoreData.framework; path = System/Library/Frameworks/CoreData.framework; sourceTree = SDKROOT; };
		3F38FD0922FA095200196CCC /* DataBaseTables.swift */ = {isa = PBXFileReference; lastKnownFileType = sourcecode.swift; path = DataBaseTables.swift; sourceTree = "<group>"; };
		3F41CBB91E79DC540018763E /* DataBaseAnnotation.swift */ = {isa = PBXFileReference; fileEncoding = 4; lastKnownFileType = sourcecode.swift; path = DataBaseAnnotation.swift; sourceTree = "<group>"; };
		3F4C017E2332BE1200F49A72 /* UIImageView.swift */ = {isa = PBXFileReference; lastKnownFileType = sourcecode.swift; path = UIImageView.swift; sourceTree = "<group>"; };
		3F4C01802332C90700F49A72 /* CreateDataBase.swift */ = {isa = PBXFileReference; lastKnownFileType = sourcecode.swift; path = CreateDataBase.swift; sourceTree = "<group>"; };
		3F57E3482354728600779427 /* fr */ = {isa = PBXFileReference; lastKnownFileType = text.plist.strings; name = fr; path = fr.lproj/CategoriesSettings.strings; sourceTree = "<group>"; };
		3F57E34A2354793C00779427 /* fr */ = {isa = PBXFileReference; lastKnownFileType = text.plist.strings; name = fr; path = fr.lproj/AnnotationsSettings.strings; sourceTree = "<group>"; };
		3F57E34C23547E4800779427 /* fr */ = {isa = PBXFileReference; lastKnownFileType = text.plist.strings; name = fr; path = fr.lproj/ItemsSettings.strings; sourceTree = "<group>"; };
		3F57E3502354C3DC00779427 /* fr */ = {isa = PBXFileReference; lastKnownFileType = text.plist.strings; name = fr; path = fr.lproj/ItemsFilter.strings; sourceTree = "<group>"; };
		3F6216FB1E4B53D000D1584C /* UserDefaults.swift */ = {isa = PBXFileReference; fileEncoding = 4; lastKnownFileType = sourcecode.swift; path = UserDefaults.swift; sourceTree = "<group>"; };
		3F767E2622785B4900CC32F2 /* TabBarViewController.swift */ = {isa = PBXFileReference; lastKnownFileType = sourcecode.swift; path = TabBarViewController.swift; sourceTree = "<group>"; };
		3F767E2C2278642300CC32F2 /* CategoriesTableViewController.swift */ = {isa = PBXFileReference; lastKnownFileType = sourcecode.swift; path = CategoriesTableViewController.swift; sourceTree = "<group>"; };
		3F7F9AC222F9CFD800A5AE4C /* DataBaseCategory.swift */ = {isa = PBXFileReference; lastKnownFileType = sourcecode.swift; path = DataBaseCategory.swift; sourceTree = "<group>"; };
		3F7F9AC422F9D00800A5AE4C /* DataBaseItem.swift */ = {isa = PBXFileReference; lastKnownFileType = sourcecode.swift; path = DataBaseItem.swift; sourceTree = "<group>"; };
		3F8A60EF23428A0E0052C559 /* Annotations.storyboard */ = {isa = PBXFileReference; lastKnownFileType = file.storyboard; path = Annotations.storyboard; sourceTree = "<group>"; };
		3F92B9BB235859BE0003C207 /* FastlaneSnapshot.xctest */ = {isa = PBXFileReference; explicitFileType = wrapper.cfbundle; includeInIndex = 0; path = FastlaneSnapshot.xctest; sourceTree = BUILT_PRODUCTS_DIR; };
		3F92B9BD235859BE0003C207 /* FastlaneSnapshot.swift */ = {isa = PBXFileReference; lastKnownFileType = sourcecode.swift; path = FastlaneSnapshot.swift; sourceTree = "<group>"; };
		3F92B9BF235859BE0003C207 /* Info.plist */ = {isa = PBXFileReference; lastKnownFileType = text.plist.xml; path = Info.plist; sourceTree = "<group>"; };
		3F92B9C523585A1B0003C207 /* SnapshotHelper.swift */ = {isa = PBXFileReference; fileEncoding = 4; lastKnownFileType = sourcecode.swift; name = SnapshotHelper.swift; path = fastlane/SnapshotHelper.swift; sourceTree = SOURCE_ROOT; };
		3F9336BE1E432C33008A2AAA /* DataBase.swift */ = {isa = PBXFileReference; fileEncoding = 4; lastKnownFileType = sourcecode.swift; path = DataBase.swift; sourceTree = "<group>"; };
		3F960D241F1CC186005170D8 /* en */ = {isa = PBXFileReference; lastKnownFileType = text.plist.strings; name = en; path = en.lproj/Localizable.strings; sourceTree = "<group>"; };
		3F960D261F1CC195005170D8 /* fr */ = {isa = PBXFileReference; lastKnownFileType = text.plist.strings; name = fr; path = fr.lproj/LaunchScreen.strings; sourceTree = "<group>"; };
		3F960D271F1CC196005170D8 /* fr */ = {isa = PBXFileReference; lastKnownFileType = text.plist.strings; name = fr; path = fr.lproj/Localizable.strings; sourceTree = "<group>"; };
		3F9C81382279867B00FF10F8 /* CategoriesViewController.swift */ = {isa = PBXFileReference; lastKnownFileType = sourcecode.swift; path = CategoriesViewController.swift; sourceTree = "<group>"; };
		3F9C813B2279997B00FF10F8 /* UITableViewCell.swift */ = {isa = PBXFileReference; lastKnownFileType = sourcecode.swift; path = UITableViewCell.swift; sourceTree = "<group>"; };
		3FA01BB8227CC8A80080BA2C /* CategoriesNavigationController.swift */ = {isa = PBXFileReference; lastKnownFileType = sourcecode.swift; path = CategoriesNavigationController.swift; sourceTree = "<group>"; };
		3FA98CDC235075B1007C7CCA /* Appearance.swift */ = {isa = PBXFileReference; lastKnownFileType = sourcecode.swift; path = Appearance.swift; sourceTree = "<group>"; };
		3FA98CDE23507AB3007C7CCA /* UISegmentedControl.swift */ = {isa = PBXFileReference; lastKnownFileType = sourcecode.swift; path = UISegmentedControl.swift; sourceTree = "<group>"; };
		3FA99AAD236C7AC300EE9129 /* fr */ = {isa = PBXFileReference; lastKnownFileType = text.plist.strings; name = fr; path = fr.lproj/AllFeatures.strings; sourceTree = "<group>"; };
		3FAD106D230A933700A0216D /* UIColor.swift */ = {isa = PBXFileReference; lastKnownFileType = sourcecode.swift; path = UIColor.swift; sourceTree = "<group>"; };
		3FC56FCF234F52980038D3B4 /* fr */ = {isa = PBXFileReference; lastKnownFileType = text.plist.strings; name = fr; path = fr.lproj/Categories.strings; sourceTree = "<group>"; };
		3FC56FD1234F52C20038D3B4 /* Base */ = {isa = PBXFileReference; lastKnownFileType = file.storyboard; name = Base; path = Base.lproj/CategoriesSettings.storyboard; sourceTree = "<group>"; };
		3FC56FDB234F53110038D3B4 /* CategoriesAdd.storyboard */ = {isa = PBXFileReference; fileEncoding = 4; lastKnownFileType = file.storyboard; path = CategoriesAdd.storyboard; sourceTree = "<group>"; };
		3FC56FDE234F54130038D3B4 /* Base */ = {isa = PBXFileReference; lastKnownFileType = file.storyboard; name = Base; path = Base.lproj/CategoriesSort.storyboard; sourceTree = "<group>"; };
		3FC56FE1234F54170038D3B4 /* fr */ = {isa = PBXFileReference; lastKnownFileType = text.plist.strings; name = fr; path = fr.lproj/CategoriesSort.strings; sourceTree = "<group>"; };
		3FC56FE8234F54300038D3B4 /* Base */ = {isa = PBXFileReference; lastKnownFileType = file.storyboard; name = Base; path = Base.lproj/ItemsSettings.storyboard; sourceTree = "<group>"; };
		3FC56FED234F544A0038D3B4 /* Base */ = {isa = PBXFileReference; lastKnownFileType = file.storyboard; name = Base; path = Base.lproj/ItemsSort.storyboard; sourceTree = "<group>"; };
		3FC56FF0234F544D0038D3B4 /* fr */ = {isa = PBXFileReference; lastKnownFileType = text.plist.strings; name = fr; path = fr.lproj/ItemsSort.strings; sourceTree = "<group>"; };
		3FC56FF2234F54530038D3B4 /* Base */ = {isa = PBXFileReference; lastKnownFileType = file.storyboard; name = Base; path = Base.lproj/ItemsFilter.storyboard; sourceTree = "<group>"; };
		3FC56FFC234F546B0038D3B4 /* Base */ = {isa = PBXFileReference; lastKnownFileType = file.storyboard; name = Base; path = Base.lproj/FeaturesSettings.storyboard; sourceTree = "<group>"; };
		3FC56FFF234F54700038D3B4 /* fr */ = {isa = PBXFileReference; lastKnownFileType = text.plist.strings; name = fr; path = fr.lproj/FeaturesSettings.strings; sourceTree = "<group>"; };
		3FC57006234F59640038D3B4 /* Base */ = {isa = PBXFileReference; lastKnownFileType = file.storyboard; name = Base; path = Base.lproj/AnnotationsSettings.storyboard; sourceTree = "<group>"; };
		3FC5700B234F59730038D3B4 /* Base */ = {isa = PBXFileReference; lastKnownFileType = file.storyboard; name = Base; path = Base.lproj/AnnotationsSort.storyboard; sourceTree = "<group>"; };
		3FC5700E234F59750038D3B4 /* fr */ = {isa = PBXFileReference; lastKnownFileType = text.plist.strings; name = fr; path = fr.lproj/AnnotationsSort.strings; sourceTree = "<group>"; };
		3FC57010234F59860038D3B4 /* Base */ = {isa = PBXFileReference; lastKnownFileType = file.storyboard; name = Base; path = Base.lproj/AnnotationDetails.storyboard; sourceTree = "<group>"; };
		3FC57013234F598A0038D3B4 /* fr */ = {isa = PBXFileReference; lastKnownFileType = text.plist.strings; name = fr; path = fr.lproj/AnnotationDetails.strings; sourceTree = "<group>"; };
		3FC57014234F5D940038D3B4 /* en */ = {isa = PBXFileReference; lastKnownFileType = file.storyboard; name = en; path = en.lproj/Items.storyboard; sourceTree = "<group>"; };
		3FC57015234F5DD50038D3B4 /* en */ = {isa = PBXFileReference; lastKnownFileType = file.storyboard; name = en; path = en.lproj/Features.storyboard; sourceTree = "<group>"; };
		3FC57016234F5DFB0038D3B4 /* en */ = {isa = PBXFileReference; lastKnownFileType = file.storyboard; name = en; path = en.lproj/AllFeatures.storyboard; sourceTree = "<group>"; };
		3FC999FB234DCE13007DADB2 /* AnnotationsViewController.swift */ = {isa = PBXFileReference; fileEncoding = 4; lastKnownFileType = sourcecode.swift; path = AnnotationsViewController.swift; sourceTree = "<group>"; };
		3FC99A00234E2149007DADB2 /* AnnotationModaleWindow.storyboard */ = {isa = PBXFileReference; lastKnownFileType = file.storyboard; path = AnnotationModaleWindow.storyboard; sourceTree = "<group>"; };
		3FC99A02234E216D007DADB2 /* AnnotationModaleWindowViewController.swift */ = {isa = PBXFileReference; lastKnownFileType = sourcecode.swift; path = AnnotationModaleWindowViewController.swift; sourceTree = "<group>"; };
		3FCAD63322A3D3AA002F20CD /* CategoryCell.swift */ = {isa = PBXFileReference; lastKnownFileType = sourcecode.swift; path = CategoryCell.swift; sourceTree = "<group>"; };
		3FCAD63622A3DCE3002F20CD /* CategoriesEditViewController.swift */ = {isa = PBXFileReference; lastKnownFileType = sourcecode.swift; path = CategoriesEditViewController.swift; sourceTree = "<group>"; };
		3FCAD63822A3DCF2002F20CD /* CategoriesSearchViewController.swift */ = {isa = PBXFileReference; lastKnownFileType = sourcecode.swift; path = CategoriesSearchViewController.swift; sourceTree = "<group>"; };
		3FCAD63A22A3DD02002F20CD /* CategoriesSortViewController.swift */ = {isa = PBXFileReference; lastKnownFileType = sourcecode.swift; path = CategoriesSortViewController.swift; sourceTree = "<group>"; };
		3FCAD63C22A3DD12002F20CD /* ItemsFilterViewController.swift */ = {isa = PBXFileReference; lastKnownFileType = sourcecode.swift; path = ItemsFilterViewController.swift; sourceTree = "<group>"; };
		3FCAD63E22A3DD5C002F20CD /* CategoriesSettingsViewController.swift */ = {isa = PBXFileReference; lastKnownFileType = sourcecode.swift; path = CategoriesSettingsViewController.swift; sourceTree = "<group>"; };
		3FCFB9FB1E3931FC00CA7220 /* MapKit.framework */ = {isa = PBXFileReference; lastKnownFileType = wrapper.framework; name = MapKit.framework; path = System/Library/Frameworks/MapKit.framework; sourceTree = SDKROOT; };
		3FD638CE22BE1B4B007FA00F /* ItemsSettingsViewController.swift */ = {isa = PBXFileReference; lastKnownFileType = sourcecode.swift; path = ItemsSettingsViewController.swift; sourceTree = "<group>"; };
		3FD638D222BE1B8D007FA00F /* ItemsAddViewController.swift */ = {isa = PBXFileReference; lastKnownFileType = sourcecode.swift; path = ItemsAddViewController.swift; sourceTree = "<group>"; };
		3FD638D622BE1C55007FA00F /* ItemsEditViewController.swift */ = {isa = PBXFileReference; lastKnownFileType = sourcecode.swift; path = ItemsEditViewController.swift; sourceTree = "<group>"; };
		3FD638DA22BE1C90007FA00F /* ItemsSortViewController.swift */ = {isa = PBXFileReference; lastKnownFileType = sourcecode.swift; path = ItemsSortViewController.swift; sourceTree = "<group>"; };
		3FD638E022BE5C07007FA00F /* ItemCell.swift */ = {isa = PBXFileReference; lastKnownFileType = sourcecode.swift; path = ItemCell.swift; sourceTree = "<group>"; };
		3FDAA272230597550025EDFC /* AllFeaturesViewController.swift */ = {isa = PBXFileReference; lastKnownFileType = sourcecode.swift; path = AllFeaturesViewController.swift; sourceTree = "<group>"; };
		3FDAA274230597630025EDFC /* AllFeaturesTableViewController.swift */ = {isa = PBXFileReference; lastKnownFileType = sourcecode.swift; path = AllFeaturesTableViewController.swift; sourceTree = "<group>"; };
		3FDAA276230597720025EDFC /* AllFeaturesTableViewCell.swift */ = {isa = PBXFileReference; lastKnownFileType = sourcecode.swift; path = AllFeaturesTableViewCell.swift; sourceTree = "<group>"; };
		3FDED80E1FED4221003EF198 /* fr */ = {isa = PBXFileReference; lastKnownFileType = text.plist.strings; name = fr; path = fr.lproj/Main.strings; sourceTree = "<group>"; };
		3FE00D4822A90FBE00B5B008 /* Base */ = {isa = PBXFileReference; lastKnownFileType = file.storyboard; name = Base; path = Base.lproj/Categories.storyboard; sourceTree = "<group>"; };
		3FE1E05D232F6A99002E46A6 /* AllFeatureList.swift */ = {isa = PBXFileReference; lastKnownFileType = sourcecode.swift; path = AllFeatureList.swift; sourceTree = "<group>"; };
		3FEC2B60230423C6008C26F6 /* NameFeaturesTableViewCell.swift */ = {isa = PBXFileReference; lastKnownFileType = sourcecode.swift; path = NameFeaturesTableViewCell.swift; sourceTree = "<group>"; };
		3FEC2B6223043C98008C26F6 /* String.swift */ = {isa = PBXFileReference; lastKnownFileType = sourcecode.swift; path = String.swift; sourceTree = "<group>"; };
		3FF399BE234A12A600045F92 /* LastLocation.swift */ = {isa = PBXFileReference; lastKnownFileType = sourcecode.swift; path = LastLocation.swift; sourceTree = "<group>"; };
		3FF4E6B623423C9B00F32578 /* AnnotationsTableViewCell.swift */ = {isa = PBXFileReference; lastKnownFileType = sourcecode.swift; path = AnnotationsTableViewCell.swift; sourceTree = "<group>"; };
		3FF4E6BC23423D3400F32578 /* AnnotationsEdit.storyboard */ = {isa = PBXFileReference; lastKnownFileType = file.storyboard; path = AnnotationsEdit.storyboard; sourceTree = "<group>"; };
		3FF4E6BE23423D3E00F32578 /* AnnotationsEditViewController.swift */ = {isa = PBXFileReference; lastKnownFileType = sourcecode.swift; path = AnnotationsEditViewController.swift; sourceTree = "<group>"; };
		3FF4E6C223423D6200F32578 /* AnnotationsSortViewController.swift */ = {isa = PBXFileReference; lastKnownFileType = sourcecode.swift; path = AnnotationsSortViewController.swift; sourceTree = "<group>"; };
		3FF4E6C423423D7300F32578 /* AnnotationsSearch.storyboard */ = {isa = PBXFileReference; lastKnownFileType = file.storyboard; path = AnnotationsSearch.storyboard; sourceTree = "<group>"; };
		3FF4E6C623423D8900F32578 /* AnnotationsSearchViewController.swift */ = {isa = PBXFileReference; lastKnownFileType = sourcecode.swift; path = AnnotationsSearchViewController.swift; sourceTree = "<group>"; };
		3FF4E6CA23423FFC00F32578 /* AnnotationsSettingsViewController.swift */ = {isa = PBXFileReference; lastKnownFileType = sourcecode.swift; path = AnnotationsSettingsViewController.swift; sourceTree = "<group>"; };
		3FF4E6CC2342480500F32578 /* AnnotationList.swift */ = {isa = PBXFileReference; lastKnownFileType = sourcecode.swift; path = AnnotationList.swift; sourceTree = "<group>"; };
		3FF4E6CE23425D3E00F32578 /* AnnotationDetailsTableViewController.swift */ = {isa = PBXFileReference; lastKnownFileType = sourcecode.swift; path = AnnotationDetailsTableViewController.swift; sourceTree = "<group>"; };
		3FF6E0E71F1CC15A001F5D02 /* Base */ = {isa = PBXFileReference; lastKnownFileType = text.plist.strings; name = Base; path = Base.lproj/Localizable.strings; sourceTree = "<group>"; };
		3FF7FC7A23200408006A9311 /* CategoriesEdit.storyboard */ = {isa = PBXFileReference; lastKnownFileType = file.storyboard; path = CategoriesEdit.storyboard; sourceTree = "<group>"; };
		3FF7FC7E2320042B006A9311 /* CategoriesSearch.storyboard */ = {isa = PBXFileReference; lastKnownFileType = file.storyboard; path = CategoriesSearch.storyboard; sourceTree = "<group>"; };
		3FFCEBA922A9BCD800622092 /* MapNavigationController.swift */ = {isa = PBXFileReference; lastKnownFileType = sourcecode.swift; path = MapNavigationController.swift; sourceTree = "<group>"; };
		3FFE1378233F941A00416AAC /* UIView.swift */ = {isa = PBXFileReference; lastKnownFileType = sourcecode.swift; path = UIView.swift; sourceTree = "<group>"; };
		3FFFC9F822A6938800E7AD4A /* CategoriesAddViewController.swift */ = {isa = PBXFileReference; lastKnownFileType = sourcecode.swift; path = CategoriesAddViewController.swift; sourceTree = "<group>"; };
		6AD9A82909783FAF573F8AFD /* Pods_Storage.framework */ = {isa = PBXFileReference; explicitFileType = wrapper.framework; includeInIndex = 0; path = Pods_Storage.framework; sourceTree = BUILT_PRODUCTS_DIR; };
		6CF73C0231E11472C8E4F7E7 /* Pods-Storage.release.xcconfig */ = {isa = PBXFileReference; includeInIndex = 1; lastKnownFileType = text.xcconfig; name = "Pods-Storage.release.xcconfig"; path = "Target Support Files/Pods-Storage/Pods-Storage.release.xcconfig"; sourceTree = "<group>"; };
/* End PBXFileReference section */

/* Begin PBXFrameworksBuildPhase section */
		3F2E0F021E3888FA00B63C71 /* Frameworks */ = {
			isa = PBXFrameworksBuildPhase;
			buildActionMask = 2147483647;
			files = (
				3F223A971E6DF42900D95F48 /* AdSupport.framework in Frameworks */,
				3FCFB9FC1E3931FC00CA7220 /* MapKit.framework in Frameworks */,
				5546655EB12F7635A3407D4D /* Pods_Storage.framework in Frameworks */,
			);
			runOnlyForDeploymentPostprocessing = 0;
		};
		3F2E0F161E3888FA00B63C71 /* Frameworks */ = {
			isa = PBXFrameworksBuildPhase;
			buildActionMask = 2147483647;
			files = (
			);
			runOnlyForDeploymentPostprocessing = 0;
		};
		3F2E0F211E3888FA00B63C71 /* Frameworks */ = {
			isa = PBXFrameworksBuildPhase;
			buildActionMask = 2147483647;
			files = (
			);
			runOnlyForDeploymentPostprocessing = 0;
		};
		3F92B9B8235859BE0003C207 /* Frameworks */ = {
			isa = PBXFrameworksBuildPhase;
			buildActionMask = 2147483647;
			files = (
			);
			runOnlyForDeploymentPostprocessing = 0;
		};
/* End PBXFrameworksBuildPhase section */

/* Begin PBXGroup section */
		02A0A27A7DA6E780DCA3F21D /* Pods */ = {
			isa = PBXGroup;
			children = (
				3BEEBD84C27246A3D42718E2 /* Pods-Storage.debug.xcconfig */,
				6CF73C0231E11472C8E4F7E7 /* Pods-Storage.release.xcconfig */,
			);
			path = Pods;
			sourceTree = "<group>";
		};
		3F0451D01E574291001629B2 /* Map */ = {
			isa = PBXGroup;
			children = (
				3F16B26D2334CE0300EEC683 /* AnnotationsViewController */,
				3F16B26E2334CE2300EEC683 /* MapViewController */,
				3F16B26F2334CE5900EEC683 /* AnnotationViewController */,
			);
			name = Map;
			sourceTree = "<group>";
		};
		3F13ECA02302BF08006A25C6 /* FeaturesSettingsViewController */ = {
			isa = PBXGroup;
			children = (
				3FC56FFD234F546B0038D3B4 /* FeaturesSettings.storyboard */,
				3F13ECA32302BF49006A25C6 /* FeaturesSettingsViewController.swift */,
				3F13ECA72302BF89006A25C6 /* FeaturesAddView */,
				3F13ECA82302BF9A006A25C6 /* FeaturesEditView */,
			);
			name = FeaturesSettingsViewController;
			sourceTree = "<group>";
		};
		3F13ECA72302BF89006A25C6 /* FeaturesAddView */ = {
			isa = PBXGroup;
			children = (
				3F1F4ABC232A962800483ACF /* FeaturesAdd.storyboard */,
				3F13ECAB2302BFC4006A25C6 /* FeaturesAddViewController.swift */,
			);
			name = FeaturesAddView;
			sourceTree = "<group>";
		};
		3F13ECA82302BF9A006A25C6 /* FeaturesEditView */ = {
			isa = PBXGroup;
			children = (
				3F1F4ABE232A964200483ACF /* FeaturesEdit.storyboard */,
				3F13ECAD2302BFD4006A25C6 /* FeaturesEditViewController.swift */,
			);
			name = FeaturesEditView;
			sourceTree = "<group>";
		};
		3F16B26D2334CE0300EEC683 /* AnnotationsViewController */ = {
			isa = PBXGroup;
			children = (
				3F8A60EF23428A0E0052C559 /* Annotations.storyboard */,
				3FFCEBA922A9BCD800622092 /* MapNavigationController.swift */,
				3FC999FB234DCE13007DADB2 /* AnnotationsViewController.swift */,
				3F0FF39E234343BD000D730B /* AnnotationsTableViewController.swift */,
				3FF4E6B623423C9B00F32578 /* AnnotationsTableViewCell.swift */,
				3FF4E6B123423BA500F32578 /* AnnotationsSettingsViewController */,
			);
			name = AnnotationsViewController;
			sourceTree = "<group>";
		};
		3F16B26E2334CE2300EEC683 /* MapViewController */ = {
			isa = PBXGroup;
			children = (
				3F2AD086234FBF2B00790FF0 /* Map.storyboard */,
				3F2E0F611E38B1D000B63C71 /* MapViewController.swift */,
				3FC999FF234E210F007DADB2 /* AnnotationModaleWindow */,
			);
			name = MapViewController;
			sourceTree = "<group>";
		};
		3F16B26F2334CE5900EEC683 /* AnnotationViewController */ = {
			isa = PBXGroup;
			children = (
				3FC57011234F59860038D3B4 /* AnnotationDetails.storyboard */,
				3FF4E6CE23425D3E00F32578 /* AnnotationDetailsTableViewController.swift */,
			);
			name = AnnotationViewController;
			sourceTree = "<group>";
		};
		3F29046422B96AD000CF8BCB /* UIExtension */ = {
			isa = PBXGroup;
			children = (
				3F22A4802306F240008AB0BD /* UIButton.swift */,
				3FAD106D230A933700A0216D /* UIColor.swift */,
				3F4C017E2332BE1200F49A72 /* UIImageView.swift */,
				3FA98CDE23507AB3007C7CCA /* UISegmentedControl.swift */,
				3F9C813B2279997B00FF10F8 /* UITableViewCell.swift */,
				3FFE1378233F941A00416AAC /* UIView.swift */,
				3F22A4822306F9A8008AB0BD /* UIViewController.swift */,
			);
			name = UIExtension;
			sourceTree = "<group>";
		};
		3F29046722B96BF200CF8BCB /* Items */ = {
			isa = PBXGroup;
			children = (
				3FC56FE4234F541F0038D3B4 /* Items.storyboard */,
				3F29046C22B9706000CF8BCB /* ItemsViewController.swift */,
				3F29046A22B9704E00CF8BCB /* ItemsTableViewController.swift */,
				3FD638E022BE5C07007FA00F /* ItemCell.swift */,
				3F28A72C230A8F1B00E89741 /* ItemNameFeaturesCell.swift */,
				3F28A72E230A8F3700E89741 /* ItemFeaturesCell.swift */,
				3F28A730230A8F6200E89741 /* ItemFiltersCell.swift */,
				3F29046E22B97EE500CF8BCB /* ItemsSettingsViewController */,
			);
			name = Items;
			sourceTree = "<group>";
		};
		3F29046E22B97EE500CF8BCB /* ItemsSettingsViewController */ = {
			isa = PBXGroup;
			children = (
				3FC56FE9234F54300038D3B4 /* ItemsSettings.storyboard */,
				3FD638CE22BE1B4B007FA00F /* ItemsSettingsViewController.swift */,
				3F29046F22B97F0500CF8BCB /* ItemsAddViewController */,
				3F29047222B97F4B00CF8BCB /* ItemsEditViewController */,
				3F29047122B97F3900CF8BCB /* ItemsSortViewController */,
				3F29047322B97F6D00CF8BCB /* ItemsFilterViewController */,
			);
			name = ItemsSettingsViewController;
			sourceTree = "<group>";
		};
		3F29046F22B97F0500CF8BCB /* ItemsAddViewController */ = {
			isa = PBXGroup;
			children = (
				3F08E92A2326F17800AC16FD /* ItemsAdd.storyboard */,
				3FD638D222BE1B8D007FA00F /* ItemsAddViewController.swift */,
			);
			name = ItemsAddViewController;
			sourceTree = "<group>";
		};
		3F29047122B97F3900CF8BCB /* ItemsSortViewController */ = {
			isa = PBXGroup;
			children = (
				3FC56FEE234F544A0038D3B4 /* ItemsSort.storyboard */,
				3FD638DA22BE1C90007FA00F /* ItemsSortViewController.swift */,
			);
			name = ItemsSortViewController;
			sourceTree = "<group>";
		};
		3F29047222B97F4B00CF8BCB /* ItemsEditViewController */ = {
			isa = PBXGroup;
			children = (
				3F08E92C2326F1EF00AC16FD /* ItemsEdit.storyboard */,
				3FD638D622BE1C55007FA00F /* ItemsEditViewController.swift */,
			);
			name = ItemsEditViewController;
			sourceTree = "<group>";
		};
		3F29047322B97F6D00CF8BCB /* ItemsFilterViewController */ = {
			isa = PBXGroup;
			children = (
				3FC56FF3234F54530038D3B4 /* ItemsFilter.storyboard */,
				3FCAD63C22A3DD12002F20CD /* ItemsFilterViewController.swift */,
			);
			name = ItemsFilterViewController;
			sourceTree = "<group>";
		};
		3F2DA2362307300400A0798B /* DataBase */ = {
			isa = PBXGroup;
			children = (
				3F9336BE1E432C33008A2AAA /* DataBase.swift */,
				3F38FD0922FA095200196CCC /* DataBaseTables.swift */,
				3F7F9AC222F9CFD800A5AE4C /* DataBaseCategory.swift */,
				3F7F9AC422F9D00800A5AE4C /* DataBaseItem.swift */,
				3F13EC982302A586006A25C6 /* DataBaseNameFeatures.swift */,
				3F13EC9A2302A597006A25C6 /* DataBaseFeatures.swift */,
				3F2AD506230838F2006E9077 /* DataBaseItemFeature.swift */,
				3F41CBB91E79DC540018763E /* DataBaseAnnotation.swift */,
			);
			name = DataBase;
			sourceTree = "<group>";
		};
		3F2E0EFC1E3888FA00B63C71 = {
			isa = PBXGroup;
			children = (
				3F2E0F071E3888FA00B63C71 /* Storage */,
				3F2E0F1C1E3888FA00B63C71 /* StorageTests */,
				3F2E0F271E3888FA00B63C71 /* StorageUITests */,
				3F92B9BC235859BE0003C207 /* FastlaneSnapshot */,
				3F2E0F061E3888FA00B63C71 /* Products */,
				3FCFB9FA1E3931FC00CA7220 /* Frameworks */,
				02A0A27A7DA6E780DCA3F21D /* Pods */,
			);
			sourceTree = "<group>";
		};
		3F2E0F061E3888FA00B63C71 /* Products */ = {
			isa = PBXGroup;
			children = (
				3F2E0F051E3888FA00B63C71 /* Storage.app */,
				3F2E0F191E3888FA00B63C71 /* StorageTests.xctest */,
				3F2E0F241E3888FA00B63C71 /* StorageUITests.xctest */,
				3F92B9BB235859BE0003C207 /* FastlaneSnapshot.xctest */,
			);
			name = Products;
			sourceTree = "<group>";
		};
		3F2E0F071E3888FA00B63C71 /* Storage */ = {
			isa = PBXGroup;
			children = (
				3F9C813A2279994F00FF10F8 /* Extention */,
				3F34C8FA1E69FC9C0056BBC7 /* Storage.entitlements */,
				3F9336BC1E432BCC008A2AAA /* Data */,
				3F9336BB1E432BC4008A2AAA /* Model */,
				3F9336BD1E432C13008A2AAA /* View */,
				3F2E0F081E3888FA00B63C71 /* AppDelegate.swift */,
				3F2E0F0F1E3888FA00B63C71 /* Assets.xcassets */,
				3F2E0F111E3888FA00B63C71 /* LaunchScreen.storyboard */,
				3F2E0F141E3888FA00B63C71 /* Info.plist */,
				3FF6E0E81F1CC15A001F5D02 /* Localizable.strings */,
			);
			path = Storage;
			sourceTree = "<group>";
		};
		3F2E0F1C1E3888FA00B63C71 /* StorageTests */ = {
			isa = PBXGroup;
			children = (
				3F2E0F1D1E3888FA00B63C71 /* StorageTests.swift */,
				3F2E0F1F1E3888FA00B63C71 /* Info.plist */,
			);
			path = StorageTests;
			sourceTree = "<group>";
		};
		3F2E0F271E3888FA00B63C71 /* StorageUITests */ = {
			isa = PBXGroup;
			children = (
				3F2E0F281E3888FA00B63C71 /* StorageUITests.swift */,
				3F2E0F2A1E3888FA00B63C71 /* Info.plist */,
			);
			path = StorageUITests;
			sourceTree = "<group>";
		};
		3F32BF87230206DE002CFB84 /* Features */ = {
			isa = PBXGroup;
			children = (
				3FC56FF8234F545E0038D3B4 /* Features.storyboard */,
				3F13EC9423029BCD006A25C6 /* FeaturesViewController.swift */,
				3F13EC9623029BE1006A25C6 /* FeaturesTableViewController.swift */,
				3F2A83732303508A005891DB /* FeaturesTableViewCell.swift */,
				3FEC2B60230423C6008C26F6 /* NameFeaturesTableViewCell.swift */,
				3F13ECA02302BF08006A25C6 /* FeaturesSettingsViewController */,
			);
			name = Features;
			sourceTree = "<group>";
		};
		3F767E1F2278420D00CC32F2 /* Categories */ = {
			isa = PBXGroup;
			children = (
				3FE00D4922A90FBE00B5B008 /* Categories.storyboard */,
				3FA01BB8227CC8A80080BA2C /* CategoriesNavigationController.swift */,
				3F9C81382279867B00FF10F8 /* CategoriesViewController.swift */,
				3F767E2C2278642300CC32F2 /* CategoriesTableViewController.swift */,
				3FCAD63322A3D3AA002F20CD /* CategoryCell.swift */,
				3FCAD63522A3DC3B002F20CD /* CategoriesSettingsViewController */,
			);
			name = Categories;
			sourceTree = "<group>";
		};
		3F767E2522785AB500CC32F2 /* Main */ = {
			isa = PBXGroup;
			children = (
				3F2E0F0C1E3888FA00B63C71 /* Main.storyboard */,
				3F767E2622785B4900CC32F2 /* TabBarViewController.swift */,
				3FA98CDC235075B1007C7CCA /* Appearance.swift */,
			);
			name = Main;
			sourceTree = "<group>";
		};
		3F92B9BC235859BE0003C207 /* FastlaneSnapshot */ = {
			isa = PBXGroup;
			children = (
				3F92B9C523585A1B0003C207 /* SnapshotHelper.swift */,
				3F92B9BD235859BE0003C207 /* FastlaneSnapshot.swift */,
				3F92B9BF235859BE0003C207 /* Info.plist */,
			);
			path = FastlaneSnapshot;
			sourceTree = "<group>";
		};
		3F9336BB1E432BC4008A2AAA /* Model */ = {
			isa = PBXGroup;
			children = (
				3F4C01802332C90700F49A72 /* CreateDataBase.swift */,
				3F0F5F6122FAE2B8007E1DC5 /* Annotation.swift */,
				3FF4E6CC2342480500F32578 /* AnnotationList.swift */,
				3F0F5F5D22FAE28B007E1DC5 /* Category.swift */,
				3F2FD75623263D9E006E36A6 /* CategoryList.swift */,
				3F0F5F5F22FAE2AE007E1DC5 /* Item.swift */,
				3F3060682326D5750035F68B /* ItemList.swift */,
				3F2966172327F54C009BDF86 /* Sort.swift */,
				3F13EC9C2302A710006A25C6 /* NameFeature.swift */,
				3F13EC9E2302A71B006A25C6 /* Feature.swift */,
				3F073BBD232B83AD00AFC644 /* FeatureList.swift */,
				3FE1E05D232F6A99002E46A6 /* AllFeatureList.swift */,
				3F166907233366F2004D9B56 /* Research.swift */,
				3F2AD50423083140006E9077 /* ItemFeature.swift */,
				3F15720123471FFF004DFFC2 /* NavBar.swift */,
				3F25674D2346212F0094B0E6 /* Position.swift */,
			);
			name = Model;
			sourceTree = "<group>";
		};
		3F9336BC1E432BCC008A2AAA /* Data */ = {
			isa = PBXGroup;
			children = (
				3F2DA2362307300400A0798B /* DataBase */,
				3F02D8C82317BDC60095ED44 /* Demonstration.swift */,
				3F2DA23423072F7800A0798B /* FilesManager.swift */,
				3F2754501E8322CC00633E29 /* Location.swift */,
				3FF399BE234A12A600045F92 /* LastLocation.swift */,
				3F6216FB1E4B53D000D1584C /* UserDefaults.swift */,
			);
			name = Data;
			sourceTree = "<group>";
		};
		3F9336BD1E432C13008A2AAA /* View */ = {
			isa = PBXGroup;
			children = (
				3F29046422B96AD000CF8BCB /* UIExtension */,
				3F767E2522785AB500CC32F2 /* Main */,
				3FD283D71F7A9505002540A2 /* Collector */,
				3F0451D01E574291001629B2 /* Map */,
			);
			name = View;
			sourceTree = "<group>";
		};
		3F9C813A2279994F00FF10F8 /* Extention */ = {
			isa = PBXGroup;
			children = (
				3F02A3C7230C1D8500E7E8BA /* Array.swift */,
				3FEC2B6223043C98008C26F6 /* String.swift */,
			);
			name = Extention;
			sourceTree = "<group>";
		};
		3FC999FF234E210F007DADB2 /* AnnotationModaleWindow */ = {
			isa = PBXGroup;
			children = (
				3FC99A00234E2149007DADB2 /* AnnotationModaleWindow.storyboard */,
				3FC99A02234E216D007DADB2 /* AnnotationModaleWindowViewController.swift */,
			);
			name = AnnotationModaleWindow;
			sourceTree = "<group>";
		};
		3FCAD63522A3DC3B002F20CD /* CategoriesSettingsViewController */ = {
			isa = PBXGroup;
			children = (
				3FC56FD2234F52C20038D3B4 /* CategoriesSettings.storyboard */,
				3FCAD63E22A3DD5C002F20CD /* CategoriesSettingsViewController.swift */,
				3FE00D5222A910BD00B5B008 /* CategoriesAddViewController */,
				3FE00D4F22A9102400B5B008 /* CategoriesEditViewController */,
				3FE00D5122A910A800B5B008 /* CategoriesSortViewController */,
				3FE00D5022A9108300B5B008 /* CategoriesSearchController */,
			);
			name = CategoriesSettingsViewController;
			sourceTree = "<group>";
		};
		3FCFB9FA1E3931FC00CA7220 /* Frameworks */ = {
			isa = PBXGroup;
			children = (
				3F37EF0C1F21524D0070FA72 /* CoreData.framework */,
				3F223A961E6DF42900D95F48 /* AdSupport.framework */,
				3FCFB9FB1E3931FC00CA7220 /* MapKit.framework */,
				6AD9A82909783FAF573F8AFD /* Pods_Storage.framework */,
			);
			name = Frameworks;
			sourceTree = "<group>";
		};
		3FD283D71F7A9505002540A2 /* Collector */ = {
			isa = PBXGroup;
			children = (
				3F767E1F2278420D00CC32F2 /* Categories */,
				3F29046722B96BF200CF8BCB /* Items */,
				3F32BF87230206DE002CFB84 /* Features */,
				3FDAA26D230596BA0025EDFC /* AllFeatures */,
			);
			name = Collector;
			sourceTree = "<group>";
		};
		3FDAA26D230596BA0025EDFC /* AllFeatures */ = {
			isa = PBXGroup;
			children = (
				3FC57002234F59340038D3B4 /* AllFeatures.storyboard */,
				3FDAA272230597550025EDFC /* AllFeaturesViewController.swift */,
				3FDAA274230597630025EDFC /* AllFeaturesTableViewController.swift */,
				3FDAA276230597720025EDFC /* AllFeaturesTableViewCell.swift */,
			);
			name = AllFeatures;
			sourceTree = "<group>";
		};
		3FE00D4F22A9102400B5B008 /* CategoriesEditViewController */ = {
			isa = PBXGroup;
			children = (
				3FF7FC7A23200408006A9311 /* CategoriesEdit.storyboard */,
				3FCAD63622A3DCE3002F20CD /* CategoriesEditViewController.swift */,
			);
			name = CategoriesEditViewController;
			sourceTree = "<group>";
		};
		3FE00D5022A9108300B5B008 /* CategoriesSearchController */ = {
			isa = PBXGroup;
			children = (
				3FF7FC7E2320042B006A9311 /* CategoriesSearch.storyboard */,
				3FCAD63822A3DCF2002F20CD /* CategoriesSearchViewController.swift */,
			);
			name = CategoriesSearchController;
			sourceTree = "<group>";
		};
		3FE00D5122A910A800B5B008 /* CategoriesSortViewController */ = {
			isa = PBXGroup;
			children = (
				3FC56FDF234F54130038D3B4 /* CategoriesSort.storyboard */,
				3FCAD63A22A3DD02002F20CD /* CategoriesSortViewController.swift */,
			);
			name = CategoriesSortViewController;
			sourceTree = "<group>";
		};
		3FE00D5222A910BD00B5B008 /* CategoriesAddViewController */ = {
			isa = PBXGroup;
			children = (
				3FC56FDB234F53110038D3B4 /* CategoriesAdd.storyboard */,
				3FFFC9F822A6938800E7AD4A /* CategoriesAddViewController.swift */,
			);
			name = CategoriesAddViewController;
			sourceTree = "<group>";
		};
		3FF4E6B123423BA500F32578 /* AnnotationsSettingsViewController */ = {
			isa = PBXGroup;
			children = (
				3FC57007234F59640038D3B4 /* AnnotationsSettings.storyboard */,
				3FF4E6CA23423FFC00F32578 /* AnnotationsSettingsViewController.swift */,
				3FF4E6B323423BD800F32578 /* AnnotationsEditViewController */,
				3FF4E6B423423BF900F32578 /* AnnotationsSortViewController */,
				3FF4E6B523423C1000F32578 /* AnnotationsSearchViewController */,
			);
			name = AnnotationsSettingsViewController;
			sourceTree = "<group>";
		};
		3FF4E6B323423BD800F32578 /* AnnotationsEditViewController */ = {
			isa = PBXGroup;
			children = (
				3FF4E6BC23423D3400F32578 /* AnnotationsEdit.storyboard */,
				3FF4E6BE23423D3E00F32578 /* AnnotationsEditViewController.swift */,
			);
			name = AnnotationsEditViewController;
			sourceTree = "<group>";
		};
		3FF4E6B423423BF900F32578 /* AnnotationsSortViewController */ = {
			isa = PBXGroup;
			children = (
				3FC5700C234F59730038D3B4 /* AnnotationsSort.storyboard */,
				3FF4E6C223423D6200F32578 /* AnnotationsSortViewController.swift */,
			);
			name = AnnotationsSortViewController;
			sourceTree = "<group>";
		};
		3FF4E6B523423C1000F32578 /* AnnotationsSearchViewController */ = {
			isa = PBXGroup;
			children = (
				3FF4E6C423423D7300F32578 /* AnnotationsSearch.storyboard */,
				3FF4E6C623423D8900F32578 /* AnnotationsSearchViewController.swift */,
			);
			name = AnnotationsSearchViewController;
			sourceTree = "<group>";
		};
/* End PBXGroup section */

/* Begin PBXNativeTarget section */
		3F2E0F041E3888FA00B63C71 /* Storage */ = {
			isa = PBXNativeTarget;
			buildConfigurationList = 3F2E0F2D1E3888FA00B63C71 /* Build configuration list for PBXNativeTarget "Storage" */;
			buildPhases = (
				D14712EB44F5CB264B41E589 /* [CP] Check Pods Manifest.lock */,
				3F2E0F011E3888FA00B63C71 /* Sources */,
				3F2E0F021E3888FA00B63C71 /* Frameworks */,
				3F2E0F031E3888FA00B63C71 /* Resources */,
				E2980D384854C888FBA154DE /* [CP] Embed Pods Frameworks */,
			);
			buildRules = (
			);
			dependencies = (
			);
			name = Storage;
			productName = Storage;
			productReference = 3F2E0F051E3888FA00B63C71 /* Storage.app */;
			productType = "com.apple.product-type.application";
		};
		3F2E0F181E3888FA00B63C71 /* StorageTests */ = {
			isa = PBXNativeTarget;
			buildConfigurationList = 3F2E0F301E3888FA00B63C71 /* Build configuration list for PBXNativeTarget "StorageTests" */;
			buildPhases = (
				3F2E0F151E3888FA00B63C71 /* Sources */,
				3F2E0F161E3888FA00B63C71 /* Frameworks */,
				3F2E0F171E3888FA00B63C71 /* Resources */,
			);
			buildRules = (
			);
			dependencies = (
				3F2E0F1B1E3888FA00B63C71 /* PBXTargetDependency */,
			);
			name = StorageTests;
			productName = StorageTests;
			productReference = 3F2E0F191E3888FA00B63C71 /* StorageTests.xctest */;
			productType = "com.apple.product-type.bundle.unit-test";
		};
		3F2E0F231E3888FA00B63C71 /* StorageUITests */ = {
			isa = PBXNativeTarget;
			buildConfigurationList = 3F2E0F331E3888FA00B63C71 /* Build configuration list for PBXNativeTarget "StorageUITests" */;
			buildPhases = (
				3F2E0F201E3888FA00B63C71 /* Sources */,
				3F2E0F211E3888FA00B63C71 /* Frameworks */,
				3F2E0F221E3888FA00B63C71 /* Resources */,
			);
			buildRules = (
			);
			dependencies = (
				3F2E0F261E3888FA00B63C71 /* PBXTargetDependency */,
			);
			name = StorageUITests;
			productName = StorageUITests;
			productReference = 3F2E0F241E3888FA00B63C71 /* StorageUITests.xctest */;
			productType = "com.apple.product-type.bundle.ui-testing";
		};
		3F92B9BA235859BE0003C207 /* FastlaneSnapshot */ = {
			isa = PBXNativeTarget;
			buildConfigurationList = 3F92B9C2235859BE0003C207 /* Build configuration list for PBXNativeTarget "FastlaneSnapshot" */;
			buildPhases = (
				3F92B9B7235859BE0003C207 /* Sources */,
				3F92B9B8235859BE0003C207 /* Frameworks */,
				3F92B9B9235859BE0003C207 /* Resources */,
			);
			buildRules = (
			);
			dependencies = (
				3F92B9C1235859BE0003C207 /* PBXTargetDependency */,
			);
			name = FastlaneSnapshot;
			productName = FastlaneSnapshot;
			productReference = 3F92B9BB235859BE0003C207 /* FastlaneSnapshot.xctest */;
			productType = "com.apple.product-type.bundle.ui-testing";
		};
/* End PBXNativeTarget section */

/* Begin PBXProject section */
		3F2E0EFD1E3888FA00B63C71 /* Project object */ = {
			isa = PBXProject;
			attributes = {
				LastSwiftUpdateCheck = 1110;
				LastUpgradeCheck = 0940;
				ORGANIZATIONNAME = "Luc-Antoine Dupont";
				TargetAttributes = {
					3F2E0F041E3888FA00B63C71 = {
						CreatedOnToolsVersion = 8.2.1;
						DevelopmentTeam = PC6C5M7298;
						LastSwiftMigration = 1020;
						ProvisioningStyle = Automatic;
						SystemCapabilities = {
							com.apple.Keychain = {
								enabled = 1;
							};
							com.apple.Maps.iOS = {
								enabled = 1;
							};
						};
					};
					3F2E0F181E3888FA00B63C71 = {
						CreatedOnToolsVersion = 8.2.1;
						LastSwiftMigration = 1020;
						ProvisioningStyle = Automatic;
						TestTargetID = 3F2E0F041E3888FA00B63C71;
					};
					3F2E0F231E3888FA00B63C71 = {
						CreatedOnToolsVersion = 8.2.1;
						LastSwiftMigration = 1020;
						ProvisioningStyle = Automatic;
						TestTargetID = 3F2E0F041E3888FA00B63C71;
					};
					3F92B9BA235859BE0003C207 = {
						CreatedOnToolsVersion = 11.1;
						DevelopmentTeam = PC6C5M7298;
						ProvisioningStyle = Automatic;
						TestTargetID = 3F2E0F041E3888FA00B63C71;
					};
				};
			};
			buildConfigurationList = 3F2E0F001E3888FA00B63C71 /* Build configuration list for PBXProject "Storage" */;
			compatibilityVersion = "Xcode 3.2";
			developmentRegion = en;
			hasScannedForEncodings = 0;
			knownRegions = (
				en,
				Base,
				fr,
			);
			mainGroup = 3F2E0EFC1E3888FA00B63C71;
			productRefGroup = 3F2E0F061E3888FA00B63C71 /* Products */;
			projectDirPath = "";
			projectRoot = "";
			targets = (
				3F2E0F041E3888FA00B63C71 /* Storage */,
				3F2E0F181E3888FA00B63C71 /* StorageTests */,
				3F2E0F231E3888FA00B63C71 /* StorageUITests */,
				3F92B9BA235859BE0003C207 /* FastlaneSnapshot */,
			);
		};
/* End PBXProject section */

/* Begin PBXResourcesBuildPhase section */
		3F2E0F031E3888FA00B63C71 /* Resources */ = {
			isa = PBXResourcesBuildPhase;
			buildActionMask = 2147483647;
			files = (
				3FF4E6BD23423D3400F32578 /* AnnotationsEdit.storyboard in Resources */,
				3FF6E0E61F1CC15A001F5D02 /* Localizable.strings in Resources */,
				3FC56FE7234F54300038D3B4 /* ItemsSettings.storyboard in Resources */,
				3F2AD084234FBF2B00790FF0 /* Map.storyboard in Resources */,
				3FC56FDD234F54130038D3B4 /* CategoriesSort.storyboard in Resources */,
				3F2E0F131E3888FA00B63C71 /* LaunchScreen.storyboard in Resources */,
				3FC56FF1234F54530038D3B4 /* ItemsFilter.storyboard in Resources */,
				3F2E0F101E3888FA00B63C71 /* Assets.xcassets in Resources */,
				3F8A60F023428A0E0052C559 /* Annotations.storyboard in Resources */,
				3F2E0F0E1E3888FA00B63C71 /* Main.storyboard in Resources */,
				3FF7FC7F2320042B006A9311 /* CategoriesSearch.storyboard in Resources */,
				3F08E92B2326F17800AC16FD /* ItemsAdd.storyboard in Resources */,
				3FC56FEC234F544A0038D3B4 /* ItemsSort.storyboard in Resources */,
				3FC5700A234F59730038D3B4 /* AnnotationsSort.storyboard in Resources */,
				3FC56FFB234F546B0038D3B4 /* FeaturesSettings.storyboard in Resources */,
				3FC56FE2234F541F0038D3B4 /* Items.storyboard in Resources */,
				3F1F4ABF232A964200483ACF /* FeaturesEdit.storyboard in Resources */,
				3F08E92D2326F1EF00AC16FD /* ItemsEdit.storyboard in Resources */,
				3FC56FD0234F52C20038D3B4 /* CategoriesSettings.storyboard in Resources */,
				3FC99A01234E2149007DADB2 /* AnnotationModaleWindow.storyboard in Resources */,
				3FC57000234F59340038D3B4 /* AllFeatures.storyboard in Resources */,
				3FC57005234F59640038D3B4 /* AnnotationsSettings.storyboard in Resources */,
				3FE00D4722A90FBE00B5B008 /* Categories.storyboard in Resources */,
				3FC56FF6234F545E0038D3B4 /* Features.storyboard in Resources */,
				3F1F4ABD232A962800483ACF /* FeaturesAdd.storyboard in Resources */,
				3FC56FDC234F53110038D3B4 /* CategoriesAdd.storyboard in Resources */,
				3FF7FC7B23200408006A9311 /* CategoriesEdit.storyboard in Resources */,
				3FC5700F234F59860038D3B4 /* AnnotationDetails.storyboard in Resources */,
				3FF4E6C523423D7300F32578 /* AnnotationsSearch.storyboard in Resources */,
			);
			runOnlyForDeploymentPostprocessing = 0;
		};
		3F2E0F171E3888FA00B63C71 /* Resources */ = {
			isa = PBXResourcesBuildPhase;
			buildActionMask = 2147483647;
			files = (
			);
			runOnlyForDeploymentPostprocessing = 0;
		};
		3F2E0F221E3888FA00B63C71 /* Resources */ = {
			isa = PBXResourcesBuildPhase;
			buildActionMask = 2147483647;
			files = (
			);
			runOnlyForDeploymentPostprocessing = 0;
		};
		3F92B9B9235859BE0003C207 /* Resources */ = {
			isa = PBXResourcesBuildPhase;
			buildActionMask = 2147483647;
			files = (
			);
			runOnlyForDeploymentPostprocessing = 0;
		};
/* End PBXResourcesBuildPhase section */

/* Begin PBXShellScriptBuildPhase section */
		D14712EB44F5CB264B41E589 /* [CP] Check Pods Manifest.lock */ = {
			isa = PBXShellScriptBuildPhase;
			buildActionMask = 2147483647;
			files = (
			);
			inputFileListPaths = (
			);
			inputPaths = (
				"${PODS_PODFILE_DIR_PATH}/Podfile.lock",
				"${PODS_ROOT}/Manifest.lock",
			);
			name = "[CP] Check Pods Manifest.lock";
			outputFileListPaths = (
			);
			outputPaths = (
				"$(DERIVED_FILE_DIR)/Pods-Storage-checkManifestLockResult.txt",
			);
			runOnlyForDeploymentPostprocessing = 0;
			shellPath = /bin/sh;
			shellScript = "diff \"${PODS_PODFILE_DIR_PATH}/Podfile.lock\" \"${PODS_ROOT}/Manifest.lock\" > /dev/null\nif [ $? != 0 ] ; then\n    # print error to STDERR\n    echo \"error: The sandbox is not in sync with the Podfile.lock. Run 'pod install' or update your CocoaPods installation.\" >&2\n    exit 1\nfi\n# This output is used by Xcode 'outputs' to avoid re-running this script phase.\necho \"SUCCESS\" > \"${SCRIPT_OUTPUT_FILE_0}\"\n";
			showEnvVarsInLog = 0;
		};
		E2980D384854C888FBA154DE /* [CP] Embed Pods Frameworks */ = {
			isa = PBXShellScriptBuildPhase;
			buildActionMask = 2147483647;
			files = (
			);
			inputPaths = (
				"${PODS_ROOT}/Target Support Files/Pods-Storage/Pods-Storage-frameworks.sh",
				"${BUILT_PRODUCTS_DIR}/GRDB.swift/GRDB.framework",
			);
			name = "[CP] Embed Pods Frameworks";
			outputPaths = (
				"${TARGET_BUILD_DIR}/${FRAMEWORKS_FOLDER_PATH}/GRDB.framework",
			);
			runOnlyForDeploymentPostprocessing = 0;
			shellPath = /bin/sh;
			shellScript = "\"${PODS_ROOT}/Target Support Files/Pods-Storage/Pods-Storage-frameworks.sh\"\n";
			showEnvVarsInLog = 0;
		};
/* End PBXShellScriptBuildPhase section */

/* Begin PBXSourcesBuildPhase section */
		3F2E0F011E3888FA00B63C71 /* Sources */ = {
			isa = PBXSourcesBuildPhase;
			buildActionMask = 2147483647;
			files = (
				3F073BBE232B83AD00AFC644 /* FeatureList.swift in Sources */,
				3F22A4832306F9A8008AB0BD /* UIViewController.swift in Sources */,
				3FF4E6C723423D8900F32578 /* AnnotationsSearchViewController.swift in Sources */,
				3FE1E05E232F6A99002E46A6 /* AllFeatureList.swift in Sources */,
				3FF4E6C323423D6200F32578 /* AnnotationsSortViewController.swift in Sources */,
				3FF4E6CD2342480500F32578 /* AnnotationList.swift in Sources */,
				3F2FD75723263D9E006E36A6 /* CategoryList.swift in Sources */,
				3F15720223471FFF004DFFC2 /* NavBar.swift in Sources */,
				3FF399BF234A12A600045F92 /* LastLocation.swift in Sources */,
				3F7F9AC322F9CFD800A5AE4C /* DataBaseCategory.swift in Sources */,
				3FCAD63922A3DCF2002F20CD /* CategoriesSearchViewController.swift in Sources */,
				3F4C017F2332BE1200F49A72 /* UIImageView.swift in Sources */,
				3F7F9AC522F9D00800A5AE4C /* DataBaseItem.swift in Sources */,
				3FCAD63422A3D3AA002F20CD /* CategoryCell.swift in Sources */,
				3FF4E6B723423C9B00F32578 /* AnnotationsTableViewCell.swift in Sources */,
				3F02A3C8230C1D8500E7E8BA /* Array.swift in Sources */,
				3FDAA277230597720025EDFC /* AllFeaturesTableViewCell.swift in Sources */,
				3F2966182327F54C009BDF86 /* Sort.swift in Sources */,
				3FCAD63722A3DCE3002F20CD /* CategoriesEditViewController.swift in Sources */,
				3FEC2B6323043C98008C26F6 /* String.swift in Sources */,
				3FD638CF22BE1B4B007FA00F /* ItemsSettingsViewController.swift in Sources */,
				3F9C81392279867B00FF10F8 /* CategoriesViewController.swift in Sources */,
				3FCAD63B22A3DD02002F20CD /* CategoriesSortViewController.swift in Sources */,
				3F0F5F6022FAE2AE007E1DC5 /* Item.swift in Sources */,
				3F0F5F6222FAE2B8007E1DC5 /* Annotation.swift in Sources */,
				3F767E2722785B4900CC32F2 /* TabBarViewController.swift in Sources */,
				3F38FD0A22FA095200196CCC /* DataBaseTables.swift in Sources */,
				3FCAD63F22A3DD5C002F20CD /* CategoriesSettingsViewController.swift in Sources */,
				3F02D8C92317BDC60095ED44 /* Demonstration.swift in Sources */,
				3F13EC992302A586006A25C6 /* DataBaseNameFeatures.swift in Sources */,
				3F13EC9F2302A71B006A25C6 /* Feature.swift in Sources */,
				3F22A4812306F240008AB0BD /* UIButton.swift in Sources */,
				3FA98CDF23507AB3007C7CCA /* UISegmentedControl.swift in Sources */,
				3FF4E6CB23423FFC00F32578 /* AnnotationsSettingsViewController.swift in Sources */,
				3F28A72D230A8F1B00E89741 /* ItemNameFeaturesCell.swift in Sources */,
				3F13ECA42302BF49006A25C6 /* FeaturesSettingsViewController.swift in Sources */,
				3F13ECAE2302BFD4006A25C6 /* FeaturesEditViewController.swift in Sources */,
				3F29046D22B9706000CF8BCB /* ItemsViewController.swift in Sources */,
				3F9C813C2279997B00FF10F8 /* UITableViewCell.swift in Sources */,
				3F4C01812332C90700F49A72 /* CreateDataBase.swift in Sources */,
				3F3060692326D5750035F68B /* ItemList.swift in Sources */,
				3FC99A03234E216D007DADB2 /* AnnotationModaleWindowViewController.swift in Sources */,
				3F13ECAC2302BFC4006A25C6 /* FeaturesAddViewController.swift in Sources */,
				3F2AD50523083140006E9077 /* ItemFeature.swift in Sources */,
				3F2DA23523072F7800A0798B /* FilesManager.swift in Sources */,
				3F9336BF1E432C33008A2AAA /* DataBase.swift in Sources */,
				3FF4E6CF23425D3E00F32578 /* AnnotationDetailsTableViewController.swift in Sources */,
				3F2E0F091E3888FA00B63C71 /* AppDelegate.swift in Sources */,
				3FA01BB9227CC8A80080BA2C /* CategoriesNavigationController.swift in Sources */,
				3F13EC9723029BE1006A25C6 /* FeaturesTableViewController.swift in Sources */,
				3FFFC9F922A6938800E7AD4A /* CategoriesAddViewController.swift in Sources */,
				3F29046B22B9704E00CF8BCB /* ItemsTableViewController.swift in Sources */,
				3FCAD63D22A3DD12002F20CD /* ItemsFilterViewController.swift in Sources */,
				3F6216FC1E4B53D000D1584C /* UserDefaults.swift in Sources */,
				3F0F5F5E22FAE28B007E1DC5 /* Category.swift in Sources */,
				3F41CBBA1E79DC540018763E /* DataBaseAnnotation.swift in Sources */,
				3F767E2D2278642300CC32F2 /* CategoriesTableViewController.swift in Sources */,
				3F13EC9523029BCD006A25C6 /* FeaturesViewController.swift in Sources */,
				3F28A72F230A8F3700E89741 /* ItemFeaturesCell.swift in Sources */,
				3FD638DB22BE1C90007FA00F /* ItemsSortViewController.swift in Sources */,
				3FFE1379233F941A00416AAC /* UIView.swift in Sources */,
				3FD638E122BE5C07007FA00F /* ItemCell.swift in Sources */,
				3F28A731230A8F6200E89741 /* ItemFiltersCell.swift in Sources */,
				3FF4E6BF23423D3E00F32578 /* AnnotationsEditViewController.swift in Sources */,
				3FFCEBAA22A9BCD800622092 /* MapNavigationController.swift in Sources */,
				3FAD106E230A933700A0216D /* UIColor.swift in Sources */,
				3F2E0F621E38B1D000B63C71 /* MapViewController.swift in Sources */,
				3F0FF39F234343BD000D730B /* AnnotationsTableViewController.swift in Sources */,
				3FC999FC234DCE13007DADB2 /* AnnotationsViewController.swift in Sources */,
				3FA98CDD235075B1007C7CCA /* Appearance.swift in Sources */,
				3FDAA275230597630025EDFC /* AllFeaturesTableViewController.swift in Sources */,
				3F166908233366F2004D9B56 /* Research.swift in Sources */,
				3F2AD507230838F2006E9077 /* DataBaseItemFeature.swift in Sources */,
				3F13EC9B2302A597006A25C6 /* DataBaseFeatures.swift in Sources */,
				3F2A83742303508A005891DB /* FeaturesTableViewCell.swift in Sources */,
				3FDAA273230597550025EDFC /* AllFeaturesViewController.swift in Sources */,
				3F2754511E8322CC00633E29 /* Location.swift in Sources */,
				3F13EC9D2302A710006A25C6 /* NameFeature.swift in Sources */,
				3FD638D322BE1B8E007FA00F /* ItemsAddViewController.swift in Sources */,
				3FEC2B61230423C6008C26F6 /* NameFeaturesTableViewCell.swift in Sources */,
				3F25674E2346212F0094B0E6 /* Position.swift in Sources */,
				3FD638D722BE1C55007FA00F /* ItemsEditViewController.swift in Sources */,
			);
			runOnlyForDeploymentPostprocessing = 0;
		};
		3F2E0F151E3888FA00B63C71 /* Sources */ = {
			isa = PBXSourcesBuildPhase;
			buildActionMask = 2147483647;
			files = (
				3F2E0F1E1E3888FA00B63C71 /* StorageTests.swift in Sources */,
			);
			runOnlyForDeploymentPostprocessing = 0;
		};
		3F2E0F201E3888FA00B63C71 /* Sources */ = {
			isa = PBXSourcesBuildPhase;
			buildActionMask = 2147483647;
			files = (
				3F2E0F291E3888FA00B63C71 /* StorageUITests.swift in Sources */,
			);
			runOnlyForDeploymentPostprocessing = 0;
		};
		3F92B9B7235859BE0003C207 /* Sources */ = {
			isa = PBXSourcesBuildPhase;
			buildActionMask = 2147483647;
			files = (
				3F92B9BE235859BE0003C207 /* FastlaneSnapshot.swift in Sources */,
				3F92B9C623585A1B0003C207 /* SnapshotHelper.swift in Sources */,
			);
			runOnlyForDeploymentPostprocessing = 0;
		};
/* End PBXSourcesBuildPhase section */

/* Begin PBXTargetDependency section */
		3F2E0F1B1E3888FA00B63C71 /* PBXTargetDependency */ = {
			isa = PBXTargetDependency;
			target = 3F2E0F041E3888FA00B63C71 /* Storage */;
			targetProxy = 3F2E0F1A1E3888FA00B63C71 /* PBXContainerItemProxy */;
		};
		3F2E0F261E3888FA00B63C71 /* PBXTargetDependency */ = {
			isa = PBXTargetDependency;
			target = 3F2E0F041E3888FA00B63C71 /* Storage */;
			targetProxy = 3F2E0F251E3888FA00B63C71 /* PBXContainerItemProxy */;
		};
		3F92B9C1235859BE0003C207 /* PBXTargetDependency */ = {
			isa = PBXTargetDependency;
			target = 3F2E0F041E3888FA00B63C71 /* Storage */;
			targetProxy = 3F92B9C0235859BE0003C207 /* PBXContainerItemProxy */;
		};
/* End PBXTargetDependency section */

/* Begin PBXVariantGroup section */
		3F2AD086234FBF2B00790FF0 /* Map.storyboard */ = {
			isa = PBXVariantGroup;
			children = (
				3F2AD085234FBF2B00790FF0 /* Base */,
				3F2AD088234FBF2F00790FF0 /* fr */,
			);
			name = Map.storyboard;
			sourceTree = "<group>";
		};
		3F2E0F0C1E3888FA00B63C71 /* Main.storyboard */ = {
			isa = PBXVariantGroup;
			children = (
				3F2E0F0D1E3888FA00B63C71 /* Base */,
				3FDED80E1FED4221003EF198 /* fr */,
			);
			name = Main.storyboard;
			sourceTree = "<group>";
		};
		3F2E0F111E3888FA00B63C71 /* LaunchScreen.storyboard */ = {
			isa = PBXVariantGroup;
			children = (
				3F2E0F121E3888FA00B63C71 /* Base */,
				3F960D261F1CC195005170D8 /* fr */,
			);
			name = LaunchScreen.storyboard;
			sourceTree = "<group>";
		};
		3FC56FD2234F52C20038D3B4 /* CategoriesSettings.storyboard */ = {
			isa = PBXVariantGroup;
			children = (
				3FC56FD1234F52C20038D3B4 /* Base */,
				3F57E3482354728600779427 /* fr */,
			);
			name = CategoriesSettings.storyboard;
			sourceTree = "<group>";
		};
		3FC56FDF234F54130038D3B4 /* CategoriesSort.storyboard */ = {
			isa = PBXVariantGroup;
			children = (
				3FC56FDE234F54130038D3B4 /* Base */,
				3FC56FE1234F54170038D3B4 /* fr */,
			);
			name = CategoriesSort.storyboard;
			sourceTree = "<group>";
		};
		3FC56FE4234F541F0038D3B4 /* Items.storyboard */ = {
			isa = PBXVariantGroup;
			children = (
				3FC57014234F5D940038D3B4 /* en */,
			);
			name = Items.storyboard;
			sourceTree = "<group>";
		};
		3FC56FE9234F54300038D3B4 /* ItemsSettings.storyboard */ = {
			isa = PBXVariantGroup;
			children = (
				3FC56FE8234F54300038D3B4 /* Base */,
				3F57E34C23547E4800779427 /* fr */,
			);
			name = ItemsSettings.storyboard;
			sourceTree = "<group>";
		};
		3FC56FEE234F544A0038D3B4 /* ItemsSort.storyboard */ = {
			isa = PBXVariantGroup;
			children = (
				3FC56FED234F544A0038D3B4 /* Base */,
				3FC56FF0234F544D0038D3B4 /* fr */,
			);
			name = ItemsSort.storyboard;
			sourceTree = "<group>";
		};
		3FC56FF3234F54530038D3B4 /* ItemsFilter.storyboard */ = {
			isa = PBXVariantGroup;
			children = (
				3FC56FF2234F54530038D3B4 /* Base */,
				3F57E3502354C3DC00779427 /* fr */,
			);
			name = ItemsFilter.storyboard;
			sourceTree = "<group>";
		};
		3FC56FF8234F545E0038D3B4 /* Features.storyboard */ = {
			isa = PBXVariantGroup;
			children = (
				3FC57015234F5DD50038D3B4 /* en */,
			);
			name = Features.storyboard;
			sourceTree = "<group>";
		};
		3FC56FFD234F546B0038D3B4 /* FeaturesSettings.storyboard */ = {
			isa = PBXVariantGroup;
			children = (
				3FC56FFC234F546B0038D3B4 /* Base */,
				3FC56FFF234F54700038D3B4 /* fr */,
			);
			name = FeaturesSettings.storyboard;
			sourceTree = "<group>";
		};
		3FC57002234F59340038D3B4 /* AllFeatures.storyboard */ = {
			isa = PBXVariantGroup;
			children = (
				3FC57016234F5DFB0038D3B4 /* en */,
				3FA99AAD236C7AC300EE9129 /* fr */,
			);
			name = AllFeatures.storyboard;
			sourceTree = "<group>";
		};
		3FC57007234F59640038D3B4 /* AnnotationsSettings.storyboard */ = {
			isa = PBXVariantGroup;
			children = (
				3FC57006234F59640038D3B4 /* Base */,
				3F57E34A2354793C00779427 /* fr */,
			);
			name = AnnotationsSettings.storyboard;
			sourceTree = "<group>";
		};
		3FC5700C234F59730038D3B4 /* AnnotationsSort.storyboard */ = {
			isa = PBXVariantGroup;
			children = (
				3FC5700B234F59730038D3B4 /* Base */,
				3FC5700E234F59750038D3B4 /* fr */,
			);
			name = AnnotationsSort.storyboard;
			sourceTree = "<group>";
		};
		3FC57011234F59860038D3B4 /* AnnotationDetails.storyboard */ = {
			isa = PBXVariantGroup;
			children = (
				3FC57010234F59860038D3B4 /* Base */,
				3FC57013234F598A0038D3B4 /* fr */,
			);
			name = AnnotationDetails.storyboard;
			sourceTree = "<group>";
		};
		3FE00D4922A90FBE00B5B008 /* Categories.storyboard */ = {
			isa = PBXVariantGroup;
			children = (
				3FE00D4822A90FBE00B5B008 /* Base */,
				3FC56FCF234F52980038D3B4 /* fr */,
			);
			name = Categories.storyboard;
			sourceTree = "<group>";
		};
		3FF6E0E81F1CC15A001F5D02 /* Localizable.strings */ = {
			isa = PBXVariantGroup;
			children = (
				3FF6E0E71F1CC15A001F5D02 /* Base */,
				3F960D241F1CC186005170D8 /* en */,
				3F960D271F1CC196005170D8 /* fr */,
			);
			name = Localizable.strings;
			sourceTree = "<group>";
		};
/* End PBXVariantGroup section */

/* Begin XCBuildConfiguration section */
		3F2E0F2B1E3888FA00B63C71 /* Debug */ = {
			isa = XCBuildConfiguration;
			buildSettings = {
				ALWAYS_SEARCH_USER_PATHS = NO;
				CLANG_ANALYZER_LOCALIZABILITY_NONLOCALIZED = YES;
				CLANG_ANALYZER_NONNULL = YES;
				CLANG_CXX_LANGUAGE_STANDARD = "gnu++0x";
				CLANG_CXX_LIBRARY = "libc++";
				CLANG_ENABLE_MODULES = YES;
				CLANG_ENABLE_OBJC_ARC = YES;
				CLANG_WARN_BLOCK_CAPTURE_AUTORELEASING = YES;
				CLANG_WARN_BOOL_CONVERSION = YES;
				CLANG_WARN_COMMA = YES;
				CLANG_WARN_CONSTANT_CONVERSION = YES;
				CLANG_WARN_DEPRECATED_OBJC_IMPLEMENTATIONS = YES;
				CLANG_WARN_DIRECT_OBJC_ISA_USAGE = YES_ERROR;
				CLANG_WARN_DOCUMENTATION_COMMENTS = YES;
				CLANG_WARN_EMPTY_BODY = YES;
				CLANG_WARN_ENUM_CONVERSION = YES;
				CLANG_WARN_INFINITE_RECURSION = YES;
				CLANG_WARN_INT_CONVERSION = YES;
				CLANG_WARN_NON_LITERAL_NULL_CONVERSION = YES;
				CLANG_WARN_OBJC_IMPLICIT_RETAIN_SELF = YES;
				CLANG_WARN_OBJC_LITERAL_CONVERSION = YES;
				CLANG_WARN_OBJC_ROOT_CLASS = YES_ERROR;
				CLANG_WARN_RANGE_LOOP_ANALYSIS = YES;
				CLANG_WARN_STRICT_PROTOTYPES = YES;
				CLANG_WARN_SUSPICIOUS_MOVE = YES;
				CLANG_WARN_UNREACHABLE_CODE = YES;
				CLANG_WARN__DUPLICATE_METHOD_MATCH = YES;
				"CODE_SIGN_IDENTITY[sdk=iphoneos*]" = "iPhone Developer";
				COPY_PHASE_STRIP = NO;
				DEBUG_INFORMATION_FORMAT = dwarf;
				ENABLE_BITCODE = NO;
				ENABLE_STRICT_OBJC_MSGSEND = YES;
				ENABLE_TESTABILITY = YES;
				GCC_C_LANGUAGE_STANDARD = gnu99;
				GCC_DYNAMIC_NO_PIC = NO;
				GCC_NO_COMMON_BLOCKS = YES;
				GCC_OPTIMIZATION_LEVEL = 0;
				GCC_PREPROCESSOR_DEFINITIONS = (
					"DEBUG=1",
					"$(inherited)",
				);
				GCC_WARN_64_TO_32_BIT_CONVERSION = YES;
				GCC_WARN_ABOUT_RETURN_TYPE = YES_ERROR;
				GCC_WARN_UNDECLARED_SELECTOR = YES;
				GCC_WARN_UNINITIALIZED_AUTOS = YES_AGGRESSIVE;
				GCC_WARN_UNUSED_FUNCTION = YES;
				GCC_WARN_UNUSED_VARIABLE = YES;
				IPHONEOS_DEPLOYMENT_TARGET = 11.0;
				MTL_ENABLE_DEBUG_INFO = YES;
				ONLY_ACTIVE_ARCH = YES;
				OTHER_LDFLAGS = "";
				REEXPORTED_LIBRARY_PATHS = "";
				SDKROOT = iphoneos;
				SWIFT_ACTIVE_COMPILATION_CONDITIONS = DEBUG;
				SWIFT_OPTIMIZATION_LEVEL = "-Onone";
				SWIFT_SWIFT3_OBJC_INFERENCE = Default;
				TARGETED_DEVICE_FAMILY = "1,2";
			};
			name = Debug;
		};
		3F2E0F2C1E3888FA00B63C71 /* Release */ = {
			isa = XCBuildConfiguration;
			buildSettings = {
				ALWAYS_SEARCH_USER_PATHS = NO;
				CLANG_ANALYZER_LOCALIZABILITY_NONLOCALIZED = YES;
				CLANG_ANALYZER_NONNULL = YES;
				CLANG_CXX_LANGUAGE_STANDARD = "gnu++0x";
				CLANG_CXX_LIBRARY = "libc++";
				CLANG_ENABLE_MODULES = YES;
				CLANG_ENABLE_OBJC_ARC = YES;
				CLANG_WARN_BLOCK_CAPTURE_AUTORELEASING = YES;
				CLANG_WARN_BOOL_CONVERSION = YES;
				CLANG_WARN_COMMA = YES;
				CLANG_WARN_CONSTANT_CONVERSION = YES;
				CLANG_WARN_DEPRECATED_OBJC_IMPLEMENTATIONS = YES;
				CLANG_WARN_DIRECT_OBJC_ISA_USAGE = YES_ERROR;
				CLANG_WARN_DOCUMENTATION_COMMENTS = YES;
				CLANG_WARN_EMPTY_BODY = YES;
				CLANG_WARN_ENUM_CONVERSION = YES;
				CLANG_WARN_INFINITE_RECURSION = YES;
				CLANG_WARN_INT_CONVERSION = YES;
				CLANG_WARN_NON_LITERAL_NULL_CONVERSION = YES;
				CLANG_WARN_OBJC_IMPLICIT_RETAIN_SELF = YES;
				CLANG_WARN_OBJC_LITERAL_CONVERSION = YES;
				CLANG_WARN_OBJC_ROOT_CLASS = YES_ERROR;
				CLANG_WARN_RANGE_LOOP_ANALYSIS = YES;
				CLANG_WARN_STRICT_PROTOTYPES = YES;
				CLANG_WARN_SUSPICIOUS_MOVE = YES;
				CLANG_WARN_UNREACHABLE_CODE = YES;
				CLANG_WARN__DUPLICATE_METHOD_MATCH = YES;
				"CODE_SIGN_IDENTITY[sdk=*]" = "iPhone Developer";
				COPY_PHASE_STRIP = NO;
				DEBUG_INFORMATION_FORMAT = "dwarf-with-dsym";
				ENABLE_BITCODE = NO;
				ENABLE_NS_ASSERTIONS = NO;
				ENABLE_STRICT_OBJC_MSGSEND = YES;
				ENABLE_TESTABILITY = YES;
				GCC_C_LANGUAGE_STANDARD = gnu99;
				GCC_NO_COMMON_BLOCKS = YES;
				GCC_WARN_64_TO_32_BIT_CONVERSION = YES;
				GCC_WARN_ABOUT_RETURN_TYPE = YES_ERROR;
				GCC_WARN_UNDECLARED_SELECTOR = YES;
				GCC_WARN_UNINITIALIZED_AUTOS = YES_AGGRESSIVE;
				GCC_WARN_UNUSED_FUNCTION = YES;
				GCC_WARN_UNUSED_VARIABLE = YES;
				IPHONEOS_DEPLOYMENT_TARGET = 11.0;
				MTL_ENABLE_DEBUG_INFO = NO;
				OTHER_LDFLAGS = "";
				REEXPORTED_LIBRARY_PATHS = "";
				SDKROOT = iphoneos;
				SWIFT_OPTIMIZATION_LEVEL = "-Owholemodule";
				SWIFT_SWIFT3_OBJC_INFERENCE = Default;
				TARGETED_DEVICE_FAMILY = "1,2";
				VALIDATE_PRODUCT = YES;
			};
			name = Release;
		};
		3F2E0F2E1E3888FA00B63C71 /* Debug */ = {
			isa = XCBuildConfiguration;
			baseConfigurationReference = 3BEEBD84C27246A3D42718E2 /* Pods-Storage.debug.xcconfig */;
			buildSettings = {
				ASSETCATALOG_COMPILER_APPICON_NAME = AppIcon;
				CODE_SIGN_ENTITLEMENTS = Storage/Storage.entitlements;
				CURRENT_PROJECT_VERSION = 1.2.1;
				DEVELOPMENT_TEAM = PC6C5M7298;
				ENABLE_BITCODE = NO;
				ENABLE_TESTABILITY = YES;
				INFOPLIST_FILE = Storage/Info.plist;
				IPHONEOS_DEPLOYMENT_TARGET = 10.2;
				LD_RUNPATH_SEARCH_PATHS = "$(inherited) @executable_path/Frameworks";
				MARKETING_VERSION = 1.2;
				OTHER_LDFLAGS = "$(inherited)";
				PRODUCT_BUNDLE_IDENTIFIER = "com.luc-A.Storage";
				PRODUCT_NAME = "$(TARGET_NAME)";
				SWIFT_VERSION = 5.0;
				TARGETED_DEVICE_FAMILY = 1;
			};
			name = Debug;
		};
		3F2E0F2F1E3888FA00B63C71 /* Release */ = {
			isa = XCBuildConfiguration;
			baseConfigurationReference = 6CF73C0231E11472C8E4F7E7 /* Pods-Storage.release.xcconfig */;
			buildSettings = {
				ASSETCATALOG_COMPILER_APPICON_NAME = AppIcon;
				CODE_SIGN_ENTITLEMENTS = Storage/Storage.entitlements;
				CURRENT_PROJECT_VERSION = 1.2.1;
				DEVELOPMENT_TEAM = PC6C5M7298;
				ENABLE_BITCODE = NO;
				INFOPLIST_FILE = Storage/Info.plist;
				IPHONEOS_DEPLOYMENT_TARGET = 10.2;
				LD_RUNPATH_SEARCH_PATHS = "$(inherited) @executable_path/Frameworks";
				MARKETING_VERSION = 1.2;
				OTHER_LDFLAGS = "$(inherited)";
				PRODUCT_BUNDLE_IDENTIFIER = "com.luc-A.Storage";
				PRODUCT_NAME = "$(TARGET_NAME)";
				SWIFT_VERSION = 5.0;
				TARGETED_DEVICE_FAMILY = 1;
			};
			name = Release;
		};
		3F2E0F311E3888FA00B63C71 /* Debug */ = {
			isa = XCBuildConfiguration;
			buildSettings = {
				ALWAYS_EMBED_SWIFT_STANDARD_LIBRARIES = YES;
				BUNDLE_LOADER = "$(TEST_HOST)";
				ENABLE_BITCODE = NO;
				INFOPLIST_FILE = StorageTests/Info.plist;
				LD_RUNPATH_SEARCH_PATHS = "$(inherited) @executable_path/Frameworks @loader_path/Frameworks";
				PRODUCT_BUNDLE_IDENTIFIER = "com.luc-A.StorageTests";
				PRODUCT_NAME = "$(TARGET_NAME)";
				SWIFT_VERSION = 5.0;
				TEST_HOST = "$(BUILT_PRODUCTS_DIR)/Storage.app/Storage";
			};
			name = Debug;
		};
		3F2E0F321E3888FA00B63C71 /* Release */ = {
			isa = XCBuildConfiguration;
			buildSettings = {
				ALWAYS_EMBED_SWIFT_STANDARD_LIBRARIES = YES;
				BUNDLE_LOADER = "$(TEST_HOST)";
				ENABLE_BITCODE = NO;
				INFOPLIST_FILE = StorageTests/Info.plist;
				LD_RUNPATH_SEARCH_PATHS = "$(inherited) @executable_path/Frameworks @loader_path/Frameworks";
				PRODUCT_BUNDLE_IDENTIFIER = "com.luc-A.StorageTests";
				PRODUCT_NAME = "$(TARGET_NAME)";
				SWIFT_VERSION = 5.0;
				TEST_HOST = "$(BUILT_PRODUCTS_DIR)/Storage.app/Storage";
			};
			name = Release;
		};
		3F2E0F341E3888FA00B63C71 /* Debug */ = {
			isa = XCBuildConfiguration;
			buildSettings = {
				ALWAYS_EMBED_SWIFT_STANDARD_LIBRARIES = YES;
				ENABLE_BITCODE = NO;
				INFOPLIST_FILE = StorageUITests/Info.plist;
				LD_RUNPATH_SEARCH_PATHS = "$(inherited) @executable_path/Frameworks @loader_path/Frameworks";
				PRODUCT_BUNDLE_IDENTIFIER = "com.luc-A.StorageUITests";
				PRODUCT_NAME = "$(TARGET_NAME)";
				SWIFT_VERSION = 5.0;
				TEST_TARGET_NAME = Storage;
			};
			name = Debug;
		};
		3F2E0F351E3888FA00B63C71 /* Release */ = {
			isa = XCBuildConfiguration;
			buildSettings = {
				ALWAYS_EMBED_SWIFT_STANDARD_LIBRARIES = YES;
				ENABLE_BITCODE = NO;
				INFOPLIST_FILE = StorageUITests/Info.plist;
				LD_RUNPATH_SEARCH_PATHS = "$(inherited) @executable_path/Frameworks @loader_path/Frameworks";
				PRODUCT_BUNDLE_IDENTIFIER = "com.luc-A.StorageUITests";
				PRODUCT_NAME = "$(TARGET_NAME)";
				SWIFT_VERSION = 5.0;
				TEST_TARGET_NAME = Storage;
			};
			name = Release;
		};
		3F92B9C3235859BE0003C207 /* Debug */ = {
			isa = XCBuildConfiguration;
			buildSettings = {
				CLANG_ANALYZER_NUMBER_OBJECT_CONVERSION = YES_AGGRESSIVE;
				CLANG_CXX_LANGUAGE_STANDARD = "gnu++14";
				CLANG_ENABLE_OBJC_WEAK = YES;
				CLANG_WARN_UNGUARDED_AVAILABILITY = YES_AGGRESSIVE;
				CODE_SIGN_STYLE = Automatic;
				DEVELOPMENT_TEAM = PC6C5M7298;
				GCC_C_LANGUAGE_STANDARD = gnu11;
				INFOPLIST_FILE = FastlaneSnapshot/Info.plist;
				IPHONEOS_DEPLOYMENT_TARGET = 13.1;
				LD_RUNPATH_SEARCH_PATHS = "$(inherited) @executable_path/Frameworks @loader_path/Frameworks";
				MTL_ENABLE_DEBUG_INFO = INCLUDE_SOURCE;
				MTL_FAST_MATH = YES;
				PRODUCT_BUNDLE_IDENTIFIER = "com.Luc-A.FastlaneSnapshot";
				PRODUCT_NAME = "$(TARGET_NAME)";
				SWIFT_VERSION = 5.0;
				TARGETED_DEVICE_FAMILY = "1,2";
				TEST_TARGET_NAME = Storage;
			};
			name = Debug;
		};
		3F92B9C4235859BE0003C207 /* Release */ = {
			isa = XCBuildConfiguration;
			buildSettings = {
				CLANG_ANALYZER_NUMBER_OBJECT_CONVERSION = YES_AGGRESSIVE;
				CLANG_CXX_LANGUAGE_STANDARD = "gnu++14";
				CLANG_ENABLE_OBJC_WEAK = YES;
				CLANG_WARN_UNGUARDED_AVAILABILITY = YES_AGGRESSIVE;
				CODE_SIGN_STYLE = Automatic;
				DEVELOPMENT_TEAM = PC6C5M7298;
				GCC_C_LANGUAGE_STANDARD = gnu11;
				INFOPLIST_FILE = FastlaneSnapshot/Info.plist;
				IPHONEOS_DEPLOYMENT_TARGET = 13.1;
				LD_RUNPATH_SEARCH_PATHS = "$(inherited) @executable_path/Frameworks @loader_path/Frameworks";
				MTL_FAST_MATH = YES;
				PRODUCT_BUNDLE_IDENTIFIER = "com.Luc-A.FastlaneSnapshot";
				PRODUCT_NAME = "$(TARGET_NAME)";
				SWIFT_VERSION = 5.0;
				TARGETED_DEVICE_FAMILY = "1,2";
				TEST_TARGET_NAME = Storage;
			};
			name = Release;
		};
/* End XCBuildConfiguration section */

/* Begin XCConfigurationList section */
		3F2E0F001E3888FA00B63C71 /* Build configuration list for PBXProject "Storage" */ = {
			isa = XCConfigurationList;
			buildConfigurations = (
				3F2E0F2B1E3888FA00B63C71 /* Debug */,
				3F2E0F2C1E3888FA00B63C71 /* Release */,
			);
			defaultConfigurationIsVisible = 0;
			defaultConfigurationName = Release;
		};
		3F2E0F2D1E3888FA00B63C71 /* Build configuration list for PBXNativeTarget "Storage" */ = {
			isa = XCConfigurationList;
			buildConfigurations = (
				3F2E0F2E1E3888FA00B63C71 /* Debug */,
				3F2E0F2F1E3888FA00B63C71 /* Release */,
			);
			defaultConfigurationIsVisible = 0;
			defaultConfigurationName = Release;
		};
		3F2E0F301E3888FA00B63C71 /* Build configuration list for PBXNativeTarget "StorageTests" */ = {
			isa = XCConfigurationList;
			buildConfigurations = (
				3F2E0F311E3888FA00B63C71 /* Debug */,
				3F2E0F321E3888FA00B63C71 /* Release */,
			);
			defaultConfigurationIsVisible = 0;
			defaultConfigurationName = Release;
		};
		3F2E0F331E3888FA00B63C71 /* Build configuration list for PBXNativeTarget "StorageUITests" */ = {
			isa = XCConfigurationList;
			buildConfigurations = (
				3F2E0F341E3888FA00B63C71 /* Debug */,
				3F2E0F351E3888FA00B63C71 /* Release */,
			);
			defaultConfigurationIsVisible = 0;
			defaultConfigurationName = Release;
		};
		3F92B9C2235859BE0003C207 /* Build configuration list for PBXNativeTarget "FastlaneSnapshot" */ = {
			isa = XCConfigurationList;
			buildConfigurations = (
				3F92B9C3235859BE0003C207 /* Debug */,
				3F92B9C4235859BE0003C207 /* Release */,
			);
			defaultConfigurationIsVisible = 0;
			defaultConfigurationName = Release;
		};
/* End XCConfigurationList section */
	};
	rootObject = 3F2E0EFD1E3888FA00B63C71 /* Project object */;
}
